// !$*UTF8*$!
{
	archiveVersion = 1;
	classes = {
	};
	objectVersion = 50;
	objects = {

/* Begin PBXBuildFile section */
		4F121962210FE82600BE0BD4 /* RiderViewController.swift in Sources */ = {isa = PBXBuildFile; fileRef = 4F121961210FE82600BE0BD4 /* RiderViewController.swift */; };
		4F56E6A62133B65100985FF3 /* BetaAlertViewController.swift in Sources */ = {isa = PBXBuildFile; fileRef = 4F56E6A52133B65100985FF3 /* BetaAlertViewController.swift */; };
		4F56E6A9213446B900985FF3 /* OutdatedAppAlertViewController.swift in Sources */ = {isa = PBXBuildFile; fileRef = 4F56E6A8213446B900985FF3 /* OutdatedAppAlertViewController.swift */; };
		4F6B3B2E20EE89CA00AB5DE2 /* BridgeDemoDropLocation.gpx in Resources */ = {isa = PBXBuildFile; fileRef = 4F6B3B2920EE89CA00AB5DE2 /* BridgeDemoDropLocation.gpx */; };
		4F6B3B2F20EE89CA00AB5DE2 /* BridgeDemoRoutePickup.gpx in Resources */ = {isa = PBXBuildFile; fileRef = 4F6B3B2A20EE89CA00AB5DE2 /* BridgeDemoRoutePickup.gpx */; };
		4F6B3B3020EE89CA00AB5DE2 /* BridgeDemoDriverStart.gpx in Resources */ = {isa = PBXBuildFile; fileRef = 4F6B3B2B20EE89CA00AB5DE2 /* BridgeDemoDriverStart.gpx */; };
		4F6B3B3120EE89CA00AB5DE2 /* BridgeDemoRiderLocation.gpx in Resources */ = {isa = PBXBuildFile; fileRef = 4F6B3B2C20EE89CA00AB5DE2 /* BridgeDemoRiderLocation.gpx */; };
		4F6B3B3220EE89CA00AB5DE2 /* BridgeDemoRouteDropOff.gpx in Resources */ = {isa = PBXBuildFile; fileRef = 4F6B3B2D20EE89CA00AB5DE2 /* BridgeDemoRouteDropOff.gpx */; };
		4F73376921122BDB00DD005E /* DriverLocationViewController.swift in Sources */ = {isa = PBXBuildFile; fileRef = 4F73376821122BDB00DD005E /* DriverLocationViewController.swift */; };
		4F74ACE8214B1A1C003309B2 /* SettingsTableViewController.swift in Sources */ = {isa = PBXBuildFile; fileRef = 4F74ACE7214B1A1C003309B2 /* SettingsTableViewController.swift */; };
		4F74ACEB214B21CE003309B2 /* AboutTableViewController.swift in Sources */ = {isa = PBXBuildFile; fileRef = 4F74ACEA214B21CE003309B2 /* AboutTableViewController.swift */; };
		4F74ACED214C057C003309B2 /* PaymentTableViewController.swift in Sources */ = {isa = PBXBuildFile; fileRef = 4F74ACEC214C057C003309B2 /* PaymentTableViewController.swift */; };
		4F74ACEF214C0585003309B2 /* PreferencesTableViewController.swift in Sources */ = {isa = PBXBuildFile; fileRef = 4F74ACEE214C0585003309B2 /* PreferencesTableViewController.swift */; };
		4F74ACF1214C05B5003309B2 /* LegalTableViewController.swift in Sources */ = {isa = PBXBuildFile; fileRef = 4F74ACF0214C05B5003309B2 /* LegalTableViewController.swift */; };
		4F74ACF3214C2DA1003309B2 /* MyAccountTableViewController.swift in Sources */ = {isa = PBXBuildFile; fileRef = 4F74ACF2214C2DA1003309B2 /* MyAccountTableViewController.swift */; };
		4F74ACF5214C395D003309B2 /* GoogleService-Info.plist in Resources */ = {isa = PBXBuildFile; fileRef = 4F74ACF4214C395C003309B2 /* GoogleService-Info.plist */; };
		4F836D4E212FB02B00A402CC /* BridgeGMapsStyle.json in Resources */ = {isa = PBXBuildFile; fileRef = 4F836D4D212FB02B00A402CC /* BridgeGMapsStyle.json */; };
		4F863DB7211011AD00406B81 /* AccountViewController.swift in Sources */ = {isa = PBXBuildFile; fileRef = 4F863DB6211011AC00406B81 /* AccountViewController.swift */; };
		4F91CBB92127F7CF00FD95C8 /* Montserrat-Black.ttf in Resources */ = {isa = PBXBuildFile; fileRef = 4F91CBB62127E89400FD95C8 /* Montserrat-Black.ttf */; };
		4F91CBBB2127F7DD00FD95C8 /* Montserrat-Bold.ttf in Resources */ = {isa = PBXBuildFile; fileRef = 4F91CBB02127E88300FD95C8 /* Montserrat-Bold.ttf */; };
		4F91CBBC2127F7DD00FD95C8 /* Montserrat-BoldItalic.ttf in Resources */ = {isa = PBXBuildFile; fileRef = 4F91CBAC2127E87700FD95C8 /* Montserrat-BoldItalic.ttf */; };
		4F91CBBD2127F7DD00FD95C8 /* Montserrat-ExtraBold.ttf in Resources */ = {isa = PBXBuildFile; fileRef = 4F91CBAA2127E87200FD95C8 /* Montserrat-ExtraBold.ttf */; };
		4F91CBBE2127F7DD00FD95C8 /* Montserrat-ExtraBoldItalic.ttf in Resources */ = {isa = PBXBuildFile; fileRef = 4F91CBB52127E89100FD95C8 /* Montserrat-ExtraBoldItalic.ttf */; };
		4F91CBBF2127F7DD00FD95C8 /* Montserrat-ExtraLight.ttf in Resources */ = {isa = PBXBuildFile; fileRef = 4F91CBAB2127E87500FD95C8 /* Montserrat-ExtraLight.ttf */; };
		4F91CBC02127F7DD00FD95C8 /* Montserrat-ExtraLightItalic.ttf in Resources */ = {isa = PBXBuildFile; fileRef = 4F91CBB12127E88500FD95C8 /* Montserrat-ExtraLightItalic.ttf */; };
		4F91CBC12127F7DD00FD95C8 /* Montserrat-Italic.ttf in Resources */ = {isa = PBXBuildFile; fileRef = 4F91CBA62127E86600FD95C8 /* Montserrat-Italic.ttf */; };
		4F91CBC22127F7DD00FD95C8 /* Montserrat-Light.ttf in Resources */ = {isa = PBXBuildFile; fileRef = 4F91CBA92127E86F00FD95C8 /* Montserrat-Light.ttf */; };
		4F91CBC32127F7DD00FD95C8 /* Montserrat-LightItalic.ttf in Resources */ = {isa = PBXBuildFile; fileRef = 4F91CBB22127E88800FD95C8 /* Montserrat-LightItalic.ttf */; };
		4F91CBC42127F7DD00FD95C8 /* Montserrat-Medium.ttf in Resources */ = {isa = PBXBuildFile; fileRef = 4F91CBB32127E88B00FD95C8 /* Montserrat-Medium.ttf */; };
		4F91CBC52127F7DD00FD95C8 /* Montserrat-MediumItalic.ttf in Resources */ = {isa = PBXBuildFile; fileRef = 4F91CBB42127E88E00FD95C8 /* Montserrat-MediumItalic.ttf */; };
		4F91CBC62127F7DD00FD95C8 /* Montserrat-Regular.ttf in Resources */ = {isa = PBXBuildFile; fileRef = 4F91CBAD2127E87A00FD95C8 /* Montserrat-Regular.ttf */; };
		4F91CBC72127F7DD00FD95C8 /* Montserrat-SemiBold.ttf in Resources */ = {isa = PBXBuildFile; fileRef = 4F91CBA72127E86900FD95C8 /* Montserrat-SemiBold.ttf */; };
		4F91CBC82127F7DD00FD95C8 /* Montserrat-SemiBoldItalic.ttf in Resources */ = {isa = PBXBuildFile; fileRef = 4F91CBB72127E89700FD95C8 /* Montserrat-SemiBoldItalic.ttf */; };
		4F91CBC92127F7DD00FD95C8 /* Montserrat-Thin.ttf in Resources */ = {isa = PBXBuildFile; fileRef = 4F91CBA82127E86C00FD95C8 /* Montserrat-Thin.ttf */; };
		4F91CBCA2127F7DD00FD95C8 /* Montserrat-ThinItalic.ttf in Resources */ = {isa = PBXBuildFile; fileRef = 4F91CBAF2127E88000FD95C8 /* Montserrat-ThinItalic.ttf */; };
		4F9399F520E3222100268AA6 /* CheckUserLoggedViewController.swift in Sources */ = {isa = PBXBuildFile; fileRef = 4F9399F220E3221F00268AA6 /* CheckUserLoggedViewController.swift */; };
		4F9399F620E3222100268AA6 /* ConnectionCheckerViewController.swift in Sources */ = {isa = PBXBuildFile; fileRef = 4F9399F320E3222000268AA6 /* ConnectionCheckerViewController.swift */; };
		4F9399F720E3222100268AA6 /* ConnectionErrorViewController.swift in Sources */ = {isa = PBXBuildFile; fileRef = 4F9399F420E3222100268AA6 /* ConnectionErrorViewController.swift */; };
		4F9399F920E3238300268AA6 /* Initialization.swift in Sources */ = {isa = PBXBuildFile; fileRef = 4F9399F820E3238300268AA6 /* Initialization.swift */; };
		4F9399FC20E3282B00268AA6 /* WelcomeViewController.swift in Sources */ = {isa = PBXBuildFile; fileRef = 4F9399FB20E3282B00268AA6 /* WelcomeViewController.swift */; };
		4FA364BA2149D32500FAB8FF /* Product Sans Regular.ttf in Resources */ = {isa = PBXBuildFile; fileRef = 4FA364B62149D32400FAB8FF /* Product Sans Regular.ttf */; };
		4FA364BB2149D32500FAB8FF /* Product Sans Bold.ttf in Resources */ = {isa = PBXBuildFile; fileRef = 4FA364B72149D32400FAB8FF /* Product Sans Bold.ttf */; };
		4FA364BC2149D32500FAB8FF /* Product Sans Bold Italic.ttf in Resources */ = {isa = PBXBuildFile; fileRef = 4FA364B82149D32500FAB8FF /* Product Sans Bold Italic.ttf */; };
		4FA364BD2149D32500FAB8FF /* Product Sans Italic.ttf in Resources */ = {isa = PBXBuildFile; fileRef = 4FA364B92149D32500FAB8FF /* Product Sans Italic.ttf */; };
		4FC5988920E2CEC60042899B /* AppDelegate.swift in Sources */ = {isa = PBXBuildFile; fileRef = 4FC5988820E2CEC60042899B /* AppDelegate.swift */; };
		4FC5988B20E2CEC60042899B /* ViewController.swift in Sources */ = {isa = PBXBuildFile; fileRef = 4FC5988A20E2CEC60042899B /* ViewController.swift */; };
		4FC5988E20E2CEC60042899B /* Main.storyboard in Resources */ = {isa = PBXBuildFile; fileRef = 4FC5988C20E2CEC60042899B /* Main.storyboard */; };
		4FC5989120E2CEC60042899B /* BRIDGE_Rider.xcdatamodeld in Sources */ = {isa = PBXBuildFile; fileRef = 4FC5988F20E2CEC60042899B /* BRIDGE_Rider.xcdatamodeld */; };
		4FC5989320E2CEC80042899B /* Assets.xcassets in Resources */ = {isa = PBXBuildFile; fileRef = 4FC5989220E2CEC80042899B /* Assets.xcassets */; };
		4FC5989620E2CEC80042899B /* LaunchScreen.storyboard in Resources */ = {isa = PBXBuildFile; fileRef = 4FC5989420E2CEC80042899B /* LaunchScreen.storyboard */; };
		4FC89D59212D1C5D0002880A /* RideHistoryTableViewCell.swift in Sources */ = {isa = PBXBuildFile; fileRef = 4FC89D58212D1C5D0002880A /* RideHistoryTableViewCell.swift */; };
		4FC89D5C212D1CD80002880A /* RideHistoryViewController.swift in Sources */ = {isa = PBXBuildFile; fileRef = 4FC89D5B212D1CD80002880A /* RideHistoryViewController.swift */; };
		4FC89D5D212D1E1E0002880A /* Montserrat-BlackItalic.ttf in Resources */ = {isa = PBXBuildFile; fileRef = 4F91CBAE2127E87D00FD95C8 /* Montserrat-BlackItalic.ttf */; };
		4FC89D5F212E1E3B0002880A /* RideDetailsViewController.swift in Sources */ = {isa = PBXBuildFile; fileRef = 4FC89D5E212E1E3B0002880A /* RideDetailsViewController.swift */; };
		4FD52AAB214CB0CE004BC050 /* EditAccountViewController.swift in Sources */ = {isa = PBXBuildFile; fileRef = 4FD52AAA214CB0CE004BC050 /* EditAccountViewController.swift */; };
		4FF938E5211E705B00C55AFE /* FinalDestViewController.swift in Sources */ = {isa = PBXBuildFile; fileRef = 4FF938E4211E705B00C55AFE /* FinalDestViewController.swift */; };
		84EE5065E7732310C155EC0A /* Pods_BRIDGE_Rider.framework in Frameworks */ = {isa = PBXBuildFile; fileRef = C6ECB225865E0AB04BF1BC25 /* Pods_BRIDGE_Rider.framework */; };
/* End PBXBuildFile section */

/* Begin PBXFileReference section */
		0845BD4CAC28B848F299EF24 /* Pods-BRIDGE-Rider.debug.xcconfig */ = {isa = PBXFileReference; includeInIndex = 1; lastKnownFileType = text.xcconfig; name = "Pods-BRIDGE-Rider.debug.xcconfig"; path = "Pods/Target Support Files/Pods-BRIDGE-Rider/Pods-BRIDGE-Rider.debug.xcconfig"; sourceTree = "<group>"; };
		4F121961210FE82600BE0BD4 /* RiderViewController.swift */ = {isa = PBXFileReference; fileEncoding = 4; lastKnownFileType = sourcecode.swift; path = RiderViewController.swift; sourceTree = "<group>"; };
		4F5047B3212146740038C55E /* BRIDGE-Rider.entitlements */ = {isa = PBXFileReference; lastKnownFileType = text.plist.entitlements; path = "BRIDGE-Rider.entitlements"; sourceTree = "<group>"; };
		4F56E6A52133B65100985FF3 /* BetaAlertViewController.swift */ = {isa = PBXFileReference; lastKnownFileType = sourcecode.swift; path = BetaAlertViewController.swift; sourceTree = "<group>"; };
		4F56E6A8213446B900985FF3 /* OutdatedAppAlertViewController.swift */ = {isa = PBXFileReference; lastKnownFileType = sourcecode.swift; path = OutdatedAppAlertViewController.swift; sourceTree = "<group>"; };
		4F6B3B2920EE89CA00AB5DE2 /* BridgeDemoDropLocation.gpx */ = {isa = PBXFileReference; fileEncoding = 4; lastKnownFileType = text.xml; path = BridgeDemoDropLocation.gpx; sourceTree = "<group>"; };
		4F6B3B2A20EE89CA00AB5DE2 /* BridgeDemoRoutePickup.gpx */ = {isa = PBXFileReference; fileEncoding = 4; lastKnownFileType = text.xml; path = BridgeDemoRoutePickup.gpx; sourceTree = "<group>"; };
		4F6B3B2B20EE89CA00AB5DE2 /* BridgeDemoDriverStart.gpx */ = {isa = PBXFileReference; fileEncoding = 4; lastKnownFileType = text.xml; path = BridgeDemoDriverStart.gpx; sourceTree = "<group>"; };
		4F6B3B2C20EE89CA00AB5DE2 /* BridgeDemoRiderLocation.gpx */ = {isa = PBXFileReference; fileEncoding = 4; lastKnownFileType = text.xml; path = BridgeDemoRiderLocation.gpx; sourceTree = "<group>"; };
		4F6B3B2D20EE89CA00AB5DE2 /* BridgeDemoRouteDropOff.gpx */ = {isa = PBXFileReference; fileEncoding = 4; lastKnownFileType = text.xml; path = BridgeDemoRouteDropOff.gpx; sourceTree = "<group>"; };
		4F73376821122BDB00DD005E /* DriverLocationViewController.swift */ = {isa = PBXFileReference; lastKnownFileType = sourcecode.swift; path = DriverLocationViewController.swift; sourceTree = "<group>"; };
		4F74ACE7214B1A1C003309B2 /* SettingsTableViewController.swift */ = {isa = PBXFileReference; lastKnownFileType = sourcecode.swift; path = SettingsTableViewController.swift; sourceTree = "<group>"; };
		4F74ACEA214B21CE003309B2 /* AboutTableViewController.swift */ = {isa = PBXFileReference; lastKnownFileType = sourcecode.swift; path = AboutTableViewController.swift; sourceTree = "<group>"; };
		4F74ACEC214C057C003309B2 /* PaymentTableViewController.swift */ = {isa = PBXFileReference; lastKnownFileType = sourcecode.swift; path = PaymentTableViewController.swift; sourceTree = "<group>"; };
		4F74ACEE214C0585003309B2 /* PreferencesTableViewController.swift */ = {isa = PBXFileReference; lastKnownFileType = sourcecode.swift; path = PreferencesTableViewController.swift; sourceTree = "<group>"; };
		4F74ACF0214C05B5003309B2 /* LegalTableViewController.swift */ = {isa = PBXFileReference; lastKnownFileType = sourcecode.swift; path = LegalTableViewController.swift; sourceTree = "<group>"; };
		4F74ACF2214C2DA1003309B2 /* MyAccountTableViewController.swift */ = {isa = PBXFileReference; lastKnownFileType = sourcecode.swift; path = MyAccountTableViewController.swift; sourceTree = "<group>"; };
		4F74ACF4214C395C003309B2 /* GoogleService-Info.plist */ = {isa = PBXFileReference; fileEncoding = 4; lastKnownFileType = text.plist.xml; path = "GoogleService-Info.plist"; sourceTree = "<group>"; };
		4F836D4D212FB02B00A402CC /* BridgeGMapsStyle.json */ = {isa = PBXFileReference; fileEncoding = 4; lastKnownFileType = text.json; path = BridgeGMapsStyle.json; sourceTree = "<group>"; };
		4F863DB6211011AC00406B81 /* AccountViewController.swift */ = {isa = PBXFileReference; fileEncoding = 4; lastKnownFileType = sourcecode.swift; path = AccountViewController.swift; sourceTree = "<group>"; };
		4F91CBA62127E86600FD95C8 /* Montserrat-Italic.ttf */ = {isa = PBXFileReference; lastKnownFileType = file; path = "Montserrat-Italic.ttf"; sourceTree = "<group>"; };
		4F91CBA72127E86900FD95C8 /* Montserrat-SemiBold.ttf */ = {isa = PBXFileReference; lastKnownFileType = file; path = "Montserrat-SemiBold.ttf"; sourceTree = "<group>"; };
		4F91CBA82127E86C00FD95C8 /* Montserrat-Thin.ttf */ = {isa = PBXFileReference; lastKnownFileType = file; path = "Montserrat-Thin.ttf"; sourceTree = "<group>"; };
		4F91CBA92127E86F00FD95C8 /* Montserrat-Light.ttf */ = {isa = PBXFileReference; lastKnownFileType = file; path = "Montserrat-Light.ttf"; sourceTree = "<group>"; };
		4F91CBAA2127E87200FD95C8 /* Montserrat-ExtraBold.ttf */ = {isa = PBXFileReference; lastKnownFileType = file; path = "Montserrat-ExtraBold.ttf"; sourceTree = "<group>"; };
		4F91CBAB2127E87500FD95C8 /* Montserrat-ExtraLight.ttf */ = {isa = PBXFileReference; lastKnownFileType = file; path = "Montserrat-ExtraLight.ttf"; sourceTree = "<group>"; };
		4F91CBAC2127E87700FD95C8 /* Montserrat-BoldItalic.ttf */ = {isa = PBXFileReference; lastKnownFileType = file; path = "Montserrat-BoldItalic.ttf"; sourceTree = "<group>"; };
		4F91CBAD2127E87A00FD95C8 /* Montserrat-Regular.ttf */ = {isa = PBXFileReference; lastKnownFileType = file; path = "Montserrat-Regular.ttf"; sourceTree = "<group>"; };
		4F91CBAE2127E87D00FD95C8 /* Montserrat-BlackItalic.ttf */ = {isa = PBXFileReference; lastKnownFileType = file; path = "Montserrat-BlackItalic.ttf"; sourceTree = "<group>"; };
		4F91CBAF2127E88000FD95C8 /* Montserrat-ThinItalic.ttf */ = {isa = PBXFileReference; lastKnownFileType = file; path = "Montserrat-ThinItalic.ttf"; sourceTree = "<group>"; };
		4F91CBB02127E88300FD95C8 /* Montserrat-Bold.ttf */ = {isa = PBXFileReference; lastKnownFileType = file; path = "Montserrat-Bold.ttf"; sourceTree = "<group>"; };
		4F91CBB12127E88500FD95C8 /* Montserrat-ExtraLightItalic.ttf */ = {isa = PBXFileReference; lastKnownFileType = file; path = "Montserrat-ExtraLightItalic.ttf"; sourceTree = "<group>"; };
		4F91CBB22127E88800FD95C8 /* Montserrat-LightItalic.ttf */ = {isa = PBXFileReference; lastKnownFileType = file; path = "Montserrat-LightItalic.ttf"; sourceTree = "<group>"; };
		4F91CBB32127E88B00FD95C8 /* Montserrat-Medium.ttf */ = {isa = PBXFileReference; lastKnownFileType = file; path = "Montserrat-Medium.ttf"; sourceTree = "<group>"; };
		4F91CBB42127E88E00FD95C8 /* Montserrat-MediumItalic.ttf */ = {isa = PBXFileReference; lastKnownFileType = file; path = "Montserrat-MediumItalic.ttf"; sourceTree = "<group>"; };
		4F91CBB52127E89100FD95C8 /* Montserrat-ExtraBoldItalic.ttf */ = {isa = PBXFileReference; lastKnownFileType = file; path = "Montserrat-ExtraBoldItalic.ttf"; sourceTree = "<group>"; };
		4F91CBB62127E89400FD95C8 /* Montserrat-Black.ttf */ = {isa = PBXFileReference; lastKnownFileType = file; path = "Montserrat-Black.ttf"; sourceTree = "<group>"; };
		4F91CBB72127E89700FD95C8 /* Montserrat-SemiBoldItalic.ttf */ = {isa = PBXFileReference; lastKnownFileType = file; path = "Montserrat-SemiBoldItalic.ttf"; sourceTree = "<group>"; };
		4F9399F220E3221F00268AA6 /* CheckUserLoggedViewController.swift */ = {isa = PBXFileReference; fileEncoding = 4; lastKnownFileType = sourcecode.swift; path = CheckUserLoggedViewController.swift; sourceTree = "<group>"; };
		4F9399F320E3222000268AA6 /* ConnectionCheckerViewController.swift */ = {isa = PBXFileReference; fileEncoding = 4; lastKnownFileType = sourcecode.swift; path = ConnectionCheckerViewController.swift; sourceTree = "<group>"; };
		4F9399F420E3222100268AA6 /* ConnectionErrorViewController.swift */ = {isa = PBXFileReference; fileEncoding = 4; lastKnownFileType = sourcecode.swift; path = ConnectionErrorViewController.swift; sourceTree = "<group>"; };
		4F9399F820E3238300268AA6 /* Initialization.swift */ = {isa = PBXFileReference; fileEncoding = 4; lastKnownFileType = sourcecode.swift; path = Initialization.swift; sourceTree = "<group>"; };
		4F9399FB20E3282B00268AA6 /* WelcomeViewController.swift */ = {isa = PBXFileReference; lastKnownFileType = sourcecode.swift; path = WelcomeViewController.swift; sourceTree = "<group>"; };
		4FA364B62149D32400FAB8FF /* Product Sans Regular.ttf */ = {isa = PBXFileReference; lastKnownFileType = file; path = "Product Sans Regular.ttf"; sourceTree = "<group>"; };
		4FA364B72149D32400FAB8FF /* Product Sans Bold.ttf */ = {isa = PBXFileReference; lastKnownFileType = file; path = "Product Sans Bold.ttf"; sourceTree = "<group>"; };
		4FA364B82149D32500FAB8FF /* Product Sans Bold Italic.ttf */ = {isa = PBXFileReference; lastKnownFileType = file; path = "Product Sans Bold Italic.ttf"; sourceTree = "<group>"; };
		4FA364B92149D32500FAB8FF /* Product Sans Italic.ttf */ = {isa = PBXFileReference; lastKnownFileType = file; path = "Product Sans Italic.ttf"; sourceTree = "<group>"; };
		4FC5988520E2CEC60042899B /* BRIDGE-Rider.app */ = {isa = PBXFileReference; explicitFileType = wrapper.application; includeInIndex = 0; path = "BRIDGE-Rider.app"; sourceTree = BUILT_PRODUCTS_DIR; };
		4FC5988820E2CEC60042899B /* AppDelegate.swift */ = {isa = PBXFileReference; lastKnownFileType = sourcecode.swift; path = AppDelegate.swift; sourceTree = "<group>"; };
		4FC5988A20E2CEC60042899B /* ViewController.swift */ = {isa = PBXFileReference; lastKnownFileType = sourcecode.swift; path = ViewController.swift; sourceTree = "<group>"; };
		4FC5988D20E2CEC60042899B /* Base */ = {isa = PBXFileReference; lastKnownFileType = file.storyboard; name = Base; path = Base.lproj/Main.storyboard; sourceTree = "<group>"; };
		4FC5989020E2CEC60042899B /* BRIDGE_Rider.xcdatamodel */ = {isa = PBXFileReference; lastKnownFileType = wrapper.xcdatamodel; path = BRIDGE_Rider.xcdatamodel; sourceTree = "<group>"; };
		4FC5989220E2CEC80042899B /* Assets.xcassets */ = {isa = PBXFileReference; lastKnownFileType = folder.assetcatalog; path = Assets.xcassets; sourceTree = "<group>"; };
		4FC5989520E2CEC80042899B /* Base */ = {isa = PBXFileReference; lastKnownFileType = file.storyboard; name = Base; path = Base.lproj/LaunchScreen.storyboard; sourceTree = "<group>"; };
		4FC5989720E2CEC80042899B /* Info.plist */ = {isa = PBXFileReference; lastKnownFileType = text.plist.xml; path = Info.plist; sourceTree = "<group>"; };
		4FC89D58212D1C5D0002880A /* RideHistoryTableViewCell.swift */ = {isa = PBXFileReference; lastKnownFileType = sourcecode.swift; path = RideHistoryTableViewCell.swift; sourceTree = "<group>"; };
		4FC89D5B212D1CD80002880A /* RideHistoryViewController.swift */ = {isa = PBXFileReference; lastKnownFileType = sourcecode.swift; path = RideHistoryViewController.swift; sourceTree = "<group>"; };
		4FC89D5E212E1E3B0002880A /* RideDetailsViewController.swift */ = {isa = PBXFileReference; lastKnownFileType = sourcecode.swift; path = RideDetailsViewController.swift; sourceTree = "<group>"; };
		4FD52AAA214CB0CE004BC050 /* EditAccountViewController.swift */ = {isa = PBXFileReference; lastKnownFileType = sourcecode.swift; path = EditAccountViewController.swift; sourceTree = "<group>"; };
		4FF938E4211E705B00C55AFE /* FinalDestViewController.swift */ = {isa = PBXFileReference; lastKnownFileType = sourcecode.swift; path = FinalDestViewController.swift; sourceTree = "<group>"; };
		AD63462D0C6786F7DB130B70 /* Pods-BRIDGE-Rider.release.xcconfig */ = {isa = PBXFileReference; includeInIndex = 1; lastKnownFileType = text.xcconfig; name = "Pods-BRIDGE-Rider.release.xcconfig"; path = "Pods/Target Support Files/Pods-BRIDGE-Rider/Pods-BRIDGE-Rider.release.xcconfig"; sourceTree = "<group>"; };
		C6ECB225865E0AB04BF1BC25 /* Pods_BRIDGE_Rider.framework */ = {isa = PBXFileReference; explicitFileType = wrapper.framework; includeInIndex = 0; path = Pods_BRIDGE_Rider.framework; sourceTree = BUILT_PRODUCTS_DIR; };
/* End PBXFileReference section */

/* Begin PBXFrameworksBuildPhase section */
		4FC5988220E2CEC60042899B /* Frameworks */ = {
			isa = PBXFrameworksBuildPhase;
			buildActionMask = 2147483647;
			files = (
				84EE5065E7732310C155EC0A /* Pods_BRIDGE_Rider.framework in Frameworks */,
			);
			runOnlyForDeploymentPostprocessing = 0;
		};
/* End PBXFrameworksBuildPhase section */

/* Begin PBXGroup section */
		34ADB6464F23FAD487A8AEF1 /* Pods */ = {
			isa = PBXGroup;
			children = (
				0845BD4CAC28B848F299EF24 /* Pods-BRIDGE-Rider.debug.xcconfig */,
				AD63462D0C6786F7DB130B70 /* Pods-BRIDGE-Rider.release.xcconfig */,
			);
			name = Pods;
			sourceTree = "<group>";
		};
		4F121963210FE82C00BE0BD4 /* Rider */ = {
			isa = PBXGroup;
			children = (
				4F121961210FE82600BE0BD4 /* RiderViewController.swift */,
				4F73376821122BDB00DD005E /* DriverLocationViewController.swift */,
				4FF938E4211E705B00C55AFE /* FinalDestViewController.swift */,
			);
			path = Rider;
			sourceTree = "<group>";
		};
		4F56E6A72133B65700985FF3 /* Alerts */ = {
			isa = PBXGroup;
			children = (
				4F56E6A52133B65100985FF3 /* BetaAlertViewController.swift */,
				4F56E6A8213446B900985FF3 /* OutdatedAppAlertViewController.swift */,
			);
			path = Alerts;
			sourceTree = "<group>";
		};
		4F6B3B3320EE89D600AB5DE2 /* GPX Files */ = {
			isa = PBXGroup;
			children = (
				4F6B3B2B20EE89CA00AB5DE2 /* BridgeDemoDriverStart.gpx */,
				4F6B3B2920EE89CA00AB5DE2 /* BridgeDemoDropLocation.gpx */,
				4F6B3B2C20EE89CA00AB5DE2 /* BridgeDemoRiderLocation.gpx */,
				4F6B3B2D20EE89CA00AB5DE2 /* BridgeDemoRouteDropOff.gpx */,
				4F6B3B2A20EE89CA00AB5DE2 /* BridgeDemoRoutePickup.gpx */,
			);
			path = "GPX Files";
			sourceTree = "<group>";
		};
		4F74ACE9214B1A40003309B2 /* Settings */ = {
			isa = PBXGroup;
			children = (
				4F74ACE7214B1A1C003309B2 /* SettingsTableViewController.swift */,
				4F74ACEA214B21CE003309B2 /* AboutTableViewController.swift */,
				4F74ACEC214C057C003309B2 /* PaymentTableViewController.swift */,
				4F74ACEE214C0585003309B2 /* PreferencesTableViewController.swift */,
				4F74ACF0214C05B5003309B2 /* LegalTableViewController.swift */,
				4F74ACF2214C2DA1003309B2 /* MyAccountTableViewController.swift */,
			);
			path = Settings;
			sourceTree = "<group>";
		};
		4F863DB82110162700406B81 /* Account */ = {
			isa = PBXGroup;
			children = (
				4F863DB6211011AC00406B81 /* AccountViewController.swift */,
				4FD52AAA214CB0CE004BC050 /* EditAccountViewController.swift */,
			);
			path = Account;
			sourceTree = "<group>";
		};
		4F91CBB82127E8BF00FD95C8 /* Resources */ = {
			isa = PBXGroup;
			children = (
				4F836D4D212FB02B00A402CC /* BridgeGMapsStyle.json */,
				4F91CBB62127E89400FD95C8 /* Montserrat-Black.ttf */,
				4F91CBAE2127E87D00FD95C8 /* Montserrat-BlackItalic.ttf */,
				4F91CBB02127E88300FD95C8 /* Montserrat-Bold.ttf */,
				4F91CBAC2127E87700FD95C8 /* Montserrat-BoldItalic.ttf */,
				4F91CBAA2127E87200FD95C8 /* Montserrat-ExtraBold.ttf */,
				4F91CBB52127E89100FD95C8 /* Montserrat-ExtraBoldItalic.ttf */,
				4F91CBAB2127E87500FD95C8 /* Montserrat-ExtraLight.ttf */,
				4F91CBB12127E88500FD95C8 /* Montserrat-ExtraLightItalic.ttf */,
				4F91CBA62127E86600FD95C8 /* Montserrat-Italic.ttf */,
				4F91CBA92127E86F00FD95C8 /* Montserrat-Light.ttf */,
				4F91CBB22127E88800FD95C8 /* Montserrat-LightItalic.ttf */,
				4F91CBB32127E88B00FD95C8 /* Montserrat-Medium.ttf */,
				4F91CBB42127E88E00FD95C8 /* Montserrat-MediumItalic.ttf */,
				4F91CBAD2127E87A00FD95C8 /* Montserrat-Regular.ttf */,
				4F91CBA72127E86900FD95C8 /* Montserrat-SemiBold.ttf */,
				4F91CBB72127E89700FD95C8 /* Montserrat-SemiBoldItalic.ttf */,
				4F91CBA82127E86C00FD95C8 /* Montserrat-Thin.ttf */,
				4F91CBAF2127E88000FD95C8 /* Montserrat-ThinItalic.ttf */,
				4FA364B82149D32500FAB8FF /* Product Sans Bold Italic.ttf */,
				4FA364B72149D32400FAB8FF /* Product Sans Bold.ttf */,
				4FA364B92149D32500FAB8FF /* Product Sans Italic.ttf */,
				4FA364B62149D32400FAB8FF /* Product Sans Regular.ttf */,
			);
			name = Resources;
			sourceTree = "<group>";
		};
		4F9399FA20E3272600268AA6 /* Startup */ = {
			isa = PBXGroup;
			children = (
				4F9399F320E3222000268AA6 /* ConnectionCheckerViewController.swift */,
				4F9399F420E3222100268AA6 /* ConnectionErrorViewController.swift */,
				4F9399F220E3221F00268AA6 /* CheckUserLoggedViewController.swift */,
			);
			path = Startup;
			sourceTree = "<group>";
		};
		4FC5987C20E2CEC60042899B = {
			isa = PBXGroup;
			children = (
				4F91CBB82127E8BF00FD95C8 /* Resources */,
				4FC5988720E2CEC60042899B /* BRIDGE-Rider */,
				4FC5988620E2CEC60042899B /* Products */,
				34ADB6464F23FAD487A8AEF1 /* Pods */,
				C6B6BA39D56018AFE10FC9A9 /* Frameworks */,
			);
			sourceTree = "<group>";
		};
		4FC5988620E2CEC60042899B /* Products */ = {
			isa = PBXGroup;
			children = (
				4FC5988520E2CEC60042899B /* BRIDGE-Rider.app */,
			);
			name = Products;
			sourceTree = "<group>";
		};
		4FC5988720E2CEC60042899B /* BRIDGE-Rider */ = {
			isa = PBXGroup;
			children = (
				4F5047B3212146740038C55E /* BRIDGE-Rider.entitlements */,
				4F9399F820E3238300268AA6 /* Initialization.swift */,
				4FC5988820E2CEC60042899B /* AppDelegate.swift */,
				4F56E6A72133B65700985FF3 /* Alerts */,
				4F9399FA20E3272600268AA6 /* Startup */,
				4FC5988A20E2CEC60042899B /* ViewController.swift */,
				4F9399FB20E3282B00268AA6 /* WelcomeViewController.swift */,
				4F121963210FE82C00BE0BD4 /* Rider */,
				4F863DB82110162700406B81 /* Account */,
				4FC89D5A212D1C900002880A /* Ride History */,
				4F74ACE9214B1A40003309B2 /* Settings */,
				4FC5988C20E2CEC60042899B /* Main.storyboard */,
				4FC5989220E2CEC80042899B /* Assets.xcassets */,
				4FC5989420E2CEC80042899B /* LaunchScreen.storyboard */,
				4F6B3B3320EE89D600AB5DE2 /* GPX Files */,
				4FC5989720E2CEC80042899B /* Info.plist */,
				4F74ACF4214C395C003309B2 /* GoogleService-Info.plist */,
				4FC5988F20E2CEC60042899B /* BRIDGE_Rider.xcdatamodeld */,
			);
			path = "BRIDGE-Rider";
			sourceTree = "<group>";
		};
		4FC89D5A212D1C900002880A /* Ride History */ = {
			isa = PBXGroup;
			children = (
				4FC89D58212D1C5D0002880A /* RideHistoryTableViewCell.swift */,
				4FC89D5B212D1CD80002880A /* RideHistoryViewController.swift */,
				4FC89D5E212E1E3B0002880A /* RideDetailsViewController.swift */,
			);
			path = "Ride History";
			sourceTree = "<group>";
		};
		C6B6BA39D56018AFE10FC9A9 /* Frameworks */ = {
			isa = PBXGroup;
			children = (
				C6ECB225865E0AB04BF1BC25 /* Pods_BRIDGE_Rider.framework */,
			);
			name = Frameworks;
			sourceTree = "<group>";
		};
/* End PBXGroup section */

/* Begin PBXNativeTarget section */
		4FC5988420E2CEC60042899B /* BRIDGE-Rider */ = {
			isa = PBXNativeTarget;
			buildConfigurationList = 4FC5989A20E2CEC80042899B /* Build configuration list for PBXNativeTarget "BRIDGE-Rider" */;
			buildPhases = (
				CF5EA0B8298ECC2DA631C679 /* [CP] Check Pods Manifest.lock */,
				4FC5988120E2CEC60042899B /* Sources */,
				4FC5988220E2CEC60042899B /* Frameworks */,
				4FC5988320E2CEC60042899B /* Resources */,
				A9E86DADA1565EC53717FEB3 /* [CP] Embed Pods Frameworks */,
				B7FCB8BAA3E9DA702AF004CA /* [CP] Copy Pods Resources */,
			);
			buildRules = (
			);
			dependencies = (
			);
			name = "BRIDGE-Rider";
			productName = "BRIDGE-Rider";
			productReference = 4FC5988520E2CEC60042899B /* BRIDGE-Rider.app */;
			productType = "com.apple.product-type.application";
		};
/* End PBXNativeTarget section */

/* Begin PBXProject section */
		4FC5987D20E2CEC60042899B /* Project object */ = {
			isa = PBXProject;
			attributes = {
				LastSwiftUpdateCheck = 0940;
				LastUpgradeCheck = 0940;
				ORGANIZATIONNAME = "Bharat Kathi";
				TargetAttributes = {
					4FC5988420E2CEC60042899B = {
						CreatedOnToolsVersion = 9.4.1;
						SystemCapabilities = {
							com.apple.BackgroundModes = {
								enabled = 1;
							};
							com.apple.Push = {
								enabled = 1;
							};
						};
					};
				};
			};
			buildConfigurationList = 4FC5988020E2CEC60042899B /* Build configuration list for PBXProject "BRIDGE-Rider" */;
			compatibilityVersion = "Xcode 9.3";
			developmentRegion = en;
			hasScannedForEncodings = 0;
			knownRegions = (
				en,
				Base,
			);
			mainGroup = 4FC5987C20E2CEC60042899B;
			productRefGroup = 4FC5988620E2CEC60042899B /* Products */;
			projectDirPath = "";
			projectRoot = "";
			targets = (
				4FC5988420E2CEC60042899B /* BRIDGE-Rider */,
			);
		};
/* End PBXProject section */

/* Begin PBXResourcesBuildPhase section */
		4FC5988320E2CEC60042899B /* Resources */ = {
			isa = PBXResourcesBuildPhase;
			buildActionMask = 2147483647;
			files = (
				4FC89D5D212D1E1E0002880A /* Montserrat-BlackItalic.ttf in Resources */,
				4F91CBC52127F7DD00FD95C8 /* Montserrat-MediumItalic.ttf in Resources */,
				4F91CBBC2127F7DD00FD95C8 /* Montserrat-BoldItalic.ttf in Resources */,
				4F91CBC62127F7DD00FD95C8 /* Montserrat-Regular.ttf in Resources */,
				4FC5989620E2CEC80042899B /* LaunchScreen.storyboard in Resources */,
				4F91CBB92127F7CF00FD95C8 /* Montserrat-Black.ttf in Resources */,
				4F6B3B3120EE89CA00AB5DE2 /* BridgeDemoRiderLocation.gpx in Resources */,
				4F91CBC72127F7DD00FD95C8 /* Montserrat-SemiBold.ttf in Resources */,
				4F91CBC82127F7DD00FD95C8 /* Montserrat-SemiBoldItalic.ttf in Resources */,
				4F91CBBD2127F7DD00FD95C8 /* Montserrat-ExtraBold.ttf in Resources */,
				4FC5989320E2CEC80042899B /* Assets.xcassets in Resources */,
				4F91CBC32127F7DD00FD95C8 /* Montserrat-LightItalic.ttf in Resources */,
				4F6B3B3220EE89CA00AB5DE2 /* BridgeDemoRouteDropOff.gpx in Resources */,
				4F91CBC92127F7DD00FD95C8 /* Montserrat-Thin.ttf in Resources */,
				4F91CBC42127F7DD00FD95C8 /* Montserrat-Medium.ttf in Resources */,
				4FA364BC2149D32500FAB8FF /* Product Sans Bold Italic.ttf in Resources */,
				4F6B3B3020EE89CA00AB5DE2 /* BridgeDemoDriverStart.gpx in Resources */,
				4F91CBBB2127F7DD00FD95C8 /* Montserrat-Bold.ttf in Resources */,
				4F6B3B2E20EE89CA00AB5DE2 /* BridgeDemoDropLocation.gpx in Resources */,
				4F91CBBE2127F7DD00FD95C8 /* Montserrat-ExtraBoldItalic.ttf in Resources */,
				4F91CBBF2127F7DD00FD95C8 /* Montserrat-ExtraLight.ttf in Resources */,
				4F91CBC02127F7DD00FD95C8 /* Montserrat-ExtraLightItalic.ttf in Resources */,
				4FA364BA2149D32500FAB8FF /* Product Sans Regular.ttf in Resources */,
				4F91CBC12127F7DD00FD95C8 /* Montserrat-Italic.ttf in Resources */,
				4F91CBCA2127F7DD00FD95C8 /* Montserrat-ThinItalic.ttf in Resources */,
				4F74ACF5214C395D003309B2 /* GoogleService-Info.plist in Resources */,
				4F91CBC22127F7DD00FD95C8 /* Montserrat-Light.ttf in Resources */,
				4FA364BB2149D32500FAB8FF /* Product Sans Bold.ttf in Resources */,
				4FC5988E20E2CEC60042899B /* Main.storyboard in Resources */,
				4F6B3B2F20EE89CA00AB5DE2 /* BridgeDemoRoutePickup.gpx in Resources */,
				4F836D4E212FB02B00A402CC /* BridgeGMapsStyle.json in Resources */,
				4FA364BD2149D32500FAB8FF /* Product Sans Italic.ttf in Resources */,
			);
			runOnlyForDeploymentPostprocessing = 0;
		};
/* End PBXResourcesBuildPhase section */

/* Begin PBXShellScriptBuildPhase section */
		A9E86DADA1565EC53717FEB3 /* [CP] Embed Pods Frameworks */ = {
			isa = PBXShellScriptBuildPhase;
			buildActionMask = 2147483647;
			files = (
			);
			inputPaths = (
				"${SRCROOT}/Pods/Target Support Files/Pods-BRIDGE-Rider/Pods-BRIDGE-Rider-frameworks.sh",
				"${BUILT_PRODUCTS_DIR}/GTMSessionFetcher/GTMSessionFetcher.framework",
				"${BUILT_PRODUCTS_DIR}/GoogleUtilities/GoogleUtilities.framework",
				"${BUILT_PRODUCTS_DIR}/PhoneNumberKit/PhoneNumberKit.framework",
				"${BUILT_PRODUCTS_DIR}/Protobuf/Protobuf.framework",
				"${BUILT_PRODUCTS_DIR}/leveldb-library/leveldb.framework",
				"${BUILT_PRODUCTS_DIR}/nanopb/nanopb.framework",
			);
			name = "[CP] Embed Pods Frameworks";
			outputPaths = (
				"${TARGET_BUILD_DIR}/${FRAMEWORKS_FOLDER_PATH}/GTMSessionFetcher.framework",
				"${TARGET_BUILD_DIR}/${FRAMEWORKS_FOLDER_PATH}/GoogleUtilities.framework",
				"${TARGET_BUILD_DIR}/${FRAMEWORKS_FOLDER_PATH}/PhoneNumberKit.framework",
				"${TARGET_BUILD_DIR}/${FRAMEWORKS_FOLDER_PATH}/Protobuf.framework",
				"${TARGET_BUILD_DIR}/${FRAMEWORKS_FOLDER_PATH}/leveldb.framework",
				"${TARGET_BUILD_DIR}/${FRAMEWORKS_FOLDER_PATH}/nanopb.framework",
			);
			runOnlyForDeploymentPostprocessing = 0;
			shellPath = /bin/sh;
			shellScript = "\"${SRCROOT}/Pods/Target Support Files/Pods-BRIDGE-Rider/Pods-BRIDGE-Rider-frameworks.sh\"\n";
			showEnvVarsInLog = 0;
		};
		B7FCB8BAA3E9DA702AF004CA /* [CP] Copy Pods Resources */ = {
			isa = PBXShellScriptBuildPhase;
			buildActionMask = 2147483647;
			files = (
			);
			inputPaths = (
				"${SRCROOT}/Pods/Target Support Files/Pods-BRIDGE-Rider/Pods-BRIDGE-Rider-resources.sh",
				"${PODS_ROOT}/GoogleMaps/Maps/Frameworks/GoogleMaps.framework/Resources/GoogleMaps.bundle",
				"${PODS_ROOT}/GooglePlaces/Frameworks/GooglePlaces.framework/Resources/GooglePlaces.bundle",
			);
			name = "[CP] Copy Pods Resources";
			outputPaths = (
				"${TARGET_BUILD_DIR}/${UNLOCALIZED_RESOURCES_FOLDER_PATH}/GoogleMaps.bundle",
				"${TARGET_BUILD_DIR}/${UNLOCALIZED_RESOURCES_FOLDER_PATH}/GooglePlaces.bundle",
			);
			runOnlyForDeploymentPostprocessing = 0;
			shellPath = /bin/sh;
			shellScript = "\"${SRCROOT}/Pods/Target Support Files/Pods-BRIDGE-Rider/Pods-BRIDGE-Rider-resources.sh\"\n";
			showEnvVarsInLog = 0;
		};
		CF5EA0B8298ECC2DA631C679 /* [CP] Check Pods Manifest.lock */ = {
			isa = PBXShellScriptBuildPhase;
			buildActionMask = 2147483647;
			files = (
			);
			inputPaths = (
				"${PODS_PODFILE_DIR_PATH}/Podfile.lock",
				"${PODS_ROOT}/Manifest.lock",
			);
			name = "[CP] Check Pods Manifest.lock";
			outputPaths = (
				"$(DERIVED_FILE_DIR)/Pods-BRIDGE-Rider-checkManifestLockResult.txt",
			);
			runOnlyForDeploymentPostprocessing = 0;
			shellPath = /bin/sh;
			shellScript = "diff \"${PODS_PODFILE_DIR_PATH}/Podfile.lock\" \"${PODS_ROOT}/Manifest.lock\" > /dev/null\nif [ $? != 0 ] ; then\n    # print error to STDERR\n    echo \"error: The sandbox is not in sync with the Podfile.lock. Run 'pod install' or update your CocoaPods installation.\" >&2\n    exit 1\nfi\n# This output is used by Xcode 'outputs' to avoid re-running this script phase.\necho \"SUCCESS\" > \"${SCRIPT_OUTPUT_FILE_0}\"\n";
			showEnvVarsInLog = 0;
		};
/* End PBXShellScriptBuildPhase section */

/* Begin PBXSourcesBuildPhase section */
		4FC5988120E2CEC60042899B /* Sources */ = {
			isa = PBXSourcesBuildPhase;
			buildActionMask = 2147483647;
			files = (
				4F73376921122BDB00DD005E /* DriverLocationViewController.swift in Sources */,
				4FF938E5211E705B00C55AFE /* FinalDestViewController.swift in Sources */,
				4F9399F520E3222100268AA6 /* CheckUserLoggedViewController.swift in Sources */,
				4F74ACF1214C05B5003309B2 /* LegalTableViewController.swift in Sources */,
				4F9399FC20E3282B00268AA6 /* WelcomeViewController.swift in Sources */,
				4F9399F720E3222100268AA6 /* ConnectionErrorViewController.swift in Sources */,
				4FC5989120E2CEC60042899B /* BRIDGE_Rider.xcdatamodeld in Sources */,
				4FC89D5F212E1E3B0002880A /* RideDetailsViewController.swift in Sources */,
				4F121962210FE82600BE0BD4 /* RiderViewController.swift in Sources */,
				4FC89D5C212D1CD80002880A /* RideHistoryViewController.swift in Sources */,
				4F74ACF3214C2DA1003309B2 /* MyAccountTableViewController.swift in Sources */,
				4F9399F620E3222100268AA6 /* ConnectionCheckerViewController.swift in Sources */,
				4FD52AAB214CB0CE004BC050 /* EditAccountViewController.swift in Sources */,
				4F74ACEB214B21CE003309B2 /* AboutTableViewController.swift in Sources */,
				4F863DB7211011AD00406B81 /* AccountViewController.swift in Sources */,
				4FC5988B20E2CEC60042899B /* ViewController.swift in Sources */,
				4F56E6A62133B65100985FF3 /* BetaAlertViewController.swift in Sources */,
				4F9399F920E3238300268AA6 /* Initialization.swift in Sources */,
				4F74ACE8214B1A1C003309B2 /* SettingsTableViewController.swift in Sources */,
				4F56E6A9213446B900985FF3 /* OutdatedAppAlertViewController.swift in Sources */,
				4F74ACEF214C0585003309B2 /* PreferencesTableViewController.swift in Sources */,
				4F74ACED214C057C003309B2 /* PaymentTableViewController.swift in Sources */,
				4FC5988920E2CEC60042899B /* AppDelegate.swift in Sources */,
				4FC89D59212D1C5D0002880A /* RideHistoryTableViewCell.swift in Sources */,
			);
			runOnlyForDeploymentPostprocessing = 0;
		};
/* End PBXSourcesBuildPhase section */

/* Begin PBXVariantGroup section */
		4FC5988C20E2CEC60042899B /* Main.storyboard */ = {
			isa = PBXVariantGroup;
			children = (
				4FC5988D20E2CEC60042899B /* Base */,
			);
			name = Main.storyboard;
			sourceTree = "<group>";
		};
		4FC5989420E2CEC80042899B /* LaunchScreen.storyboard */ = {
			isa = PBXVariantGroup;
			children = (
				4FC5989520E2CEC80042899B /* Base */,
			);
			name = LaunchScreen.storyboard;
			sourceTree = "<group>";
		};
/* End PBXVariantGroup section */

/* Begin XCBuildConfiguration section */
		4FC5989820E2CEC80042899B /* Debug */ = {
			isa = XCBuildConfiguration;
			buildSettings = {
				ALWAYS_SEARCH_USER_PATHS = NO;
				CLANG_ANALYZER_NONNULL = YES;
				CLANG_ANALYZER_NUMBER_OBJECT_CONVERSION = YES_AGGRESSIVE;
				CLANG_CXX_LANGUAGE_STANDARD = "gnu++14";
				CLANG_CXX_LIBRARY = "libc++";
				CLANG_ENABLE_MODULES = YES;
				CLANG_ENABLE_OBJC_ARC = YES;
				CLANG_ENABLE_OBJC_WEAK = YES;
				CLANG_WARN_BLOCK_CAPTURE_AUTORELEASING = YES;
				CLANG_WARN_BOOL_CONVERSION = YES;
				CLANG_WARN_COMMA = YES;
				CLANG_WARN_CONSTANT_CONVERSION = YES;
				CLANG_WARN_DEPRECATED_OBJC_IMPLEMENTATIONS = YES;
				CLANG_WARN_DIRECT_OBJC_ISA_USAGE = YES_ERROR;
				CLANG_WARN_DOCUMENTATION_COMMENTS = YES;
				CLANG_WARN_EMPTY_BODY = YES;
				CLANG_WARN_ENUM_CONVERSION = YES;
				CLANG_WARN_INFINITE_RECURSION = YES;
				CLANG_WARN_INT_CONVERSION = YES;
				CLANG_WARN_NON_LITERAL_NULL_CONVERSION = YES;
				CLANG_WARN_OBJC_IMPLICIT_RETAIN_SELF = YES;
				CLANG_WARN_OBJC_LITERAL_CONVERSION = YES;
				CLANG_WARN_OBJC_ROOT_CLASS = YES_ERROR;
				CLANG_WARN_RANGE_LOOP_ANALYSIS = YES;
				CLANG_WARN_STRICT_PROTOTYPES = YES;
				CLANG_WARN_SUSPICIOUS_MOVE = YES;
				CLANG_WARN_UNGUARDED_AVAILABILITY = YES_AGGRESSIVE;
				CLANG_WARN_UNREACHABLE_CODE = YES;
				CLANG_WARN__DUPLICATE_METHOD_MATCH = YES;
				CODE_SIGN_IDENTITY = "iPhone Developer";
				COPY_PHASE_STRIP = NO;
				DEBUG_INFORMATION_FORMAT = dwarf;
				ENABLE_STRICT_OBJC_MSGSEND = YES;
				ENABLE_TESTABILITY = YES;
				GCC_C_LANGUAGE_STANDARD = gnu11;
				GCC_DYNAMIC_NO_PIC = NO;
				GCC_NO_COMMON_BLOCKS = YES;
				GCC_OPTIMIZATION_LEVEL = 0;
				GCC_PREPROCESSOR_DEFINITIONS = (
					"DEBUG=1",
					"$(inherited)",
				);
				GCC_WARN_64_TO_32_BIT_CONVERSION = YES;
				GCC_WARN_ABOUT_RETURN_TYPE = YES_ERROR;
				GCC_WARN_UNDECLARED_SELECTOR = YES;
				GCC_WARN_UNINITIALIZED_AUTOS = YES_AGGRESSIVE;
				GCC_WARN_UNUSED_FUNCTION = YES;
				GCC_WARN_UNUSED_VARIABLE = YES;
				IPHONEOS_DEPLOYMENT_TARGET = 11.4;
				MTL_ENABLE_DEBUG_INFO = YES;
				ONLY_ACTIVE_ARCH = YES;
				SDKROOT = iphoneos;
				SWIFT_ACTIVE_COMPILATION_CONDITIONS = DEBUG;
				SWIFT_OPTIMIZATION_LEVEL = "-Onone";
			};
			name = Debug;
		};
		4FC5989920E2CEC80042899B /* Release */ = {
			isa = XCBuildConfiguration;
			buildSettings = {
				ALWAYS_SEARCH_USER_PATHS = NO;
				CLANG_ANALYZER_NONNULL = YES;
				CLANG_ANALYZER_NUMBER_OBJECT_CONVERSION = YES_AGGRESSIVE;
				CLANG_CXX_LANGUAGE_STANDARD = "gnu++14";
				CLANG_CXX_LIBRARY = "libc++";
				CLANG_ENABLE_MODULES = YES;
				CLANG_ENABLE_OBJC_ARC = YES;
				CLANG_ENABLE_OBJC_WEAK = YES;
				CLANG_WARN_BLOCK_CAPTURE_AUTORELEASING = YES;
				CLANG_WARN_BOOL_CONVERSION = YES;
				CLANG_WARN_COMMA = YES;
				CLANG_WARN_CONSTANT_CONVERSION = YES;
				CLANG_WARN_DEPRECATED_OBJC_IMPLEMENTATIONS = YES;
				CLANG_WARN_DIRECT_OBJC_ISA_USAGE = YES_ERROR;
				CLANG_WARN_DOCUMENTATION_COMMENTS = YES;
				CLANG_WARN_EMPTY_BODY = YES;
				CLANG_WARN_ENUM_CONVERSION = YES;
				CLANG_WARN_INFINITE_RECURSION = YES;
				CLANG_WARN_INT_CONVERSION = YES;
				CLANG_WARN_NON_LITERAL_NULL_CONVERSION = YES;
				CLANG_WARN_OBJC_IMPLICIT_RETAIN_SELF = YES;
				CLANG_WARN_OBJC_LITERAL_CONVERSION = YES;
				CLANG_WARN_OBJC_ROOT_CLASS = YES_ERROR;
				CLANG_WARN_RANGE_LOOP_ANALYSIS = YES;
				CLANG_WARN_STRICT_PROTOTYPES = YES;
				CLANG_WARN_SUSPICIOUS_MOVE = YES;
				CLANG_WARN_UNGUARDED_AVAILABILITY = YES_AGGRESSIVE;
				CLANG_WARN_UNREACHABLE_CODE = YES;
				CLANG_WARN__DUPLICATE_METHOD_MATCH = YES;
				CODE_SIGN_IDENTITY = "iPhone Developer";
				COPY_PHASE_STRIP = NO;
				DEBUG_INFORMATION_FORMAT = "dwarf-with-dsym";
				ENABLE_NS_ASSERTIONS = NO;
				ENABLE_STRICT_OBJC_MSGSEND = YES;
				GCC_C_LANGUAGE_STANDARD = gnu11;
				GCC_NO_COMMON_BLOCKS = YES;
				GCC_WARN_64_TO_32_BIT_CONVERSION = YES;
				GCC_WARN_ABOUT_RETURN_TYPE = YES_ERROR;
				GCC_WARN_UNDECLARED_SELECTOR = YES;
				GCC_WARN_UNINITIALIZED_AUTOS = YES_AGGRESSIVE;
				GCC_WARN_UNUSED_FUNCTION = YES;
				GCC_WARN_UNUSED_VARIABLE = YES;
				IPHONEOS_DEPLOYMENT_TARGET = 11.4;
				MTL_ENABLE_DEBUG_INFO = NO;
				SDKROOT = iphoneos;
				SWIFT_COMPILATION_MODE = wholemodule;
				SWIFT_OPTIMIZATION_LEVEL = "-O";
				VALIDATE_PRODUCT = YES;
			};
			name = Release;
		};
		4FC5989B20E2CEC80042899B /* Debug */ = {
			isa = XCBuildConfiguration;
			baseConfigurationReference = 0845BD4CAC28B848F299EF24 /* Pods-BRIDGE-Rider.debug.xcconfig */;
			buildSettings = {
				ASSETCATALOG_COMPILER_APPICON_NAME = AppIcon;
				CODE_SIGN_ENTITLEMENTS = "BRIDGE-Rider/BRIDGE-Rider.entitlements";
				CODE_SIGN_STYLE = Automatic;
				DEVELOPMENT_TEAM = EN646ZUBQA;
				INFOPLIST_FILE = "BRIDGE-Rider/Info.plist";
				IPHONEOS_DEPLOYMENT_TARGET = 11.0;
				LD_RUNPATH_SEARCH_PATHS = (
					"$(inherited)",
					"@executable_path/Frameworks",
				);
				PRODUCT_BUNDLE_IDENTIFIER = "com.bk1031.BRIDGE-Rider";
				PRODUCT_NAME = "$(TARGET_NAME)";
				SWIFT_VERSION = 4.0;
				TARGETED_DEVICE_FAMILY = 1;
			};
			name = Debug;
		};
		4FC5989C20E2CEC80042899B /* Release */ = {
			isa = XCBuildConfiguration;
			baseConfigurationReference = AD63462D0C6786F7DB130B70 /* Pods-BRIDGE-Rider.release.xcconfig */;
			buildSettings = {
				ASSETCATALOG_COMPILER_APPICON_NAME = AppIcon;
				CODE_SIGN_ENTITLEMENTS = "BRIDGE-Rider/BRIDGE-Rider.entitlements";
				CODE_SIGN_STYLE = Automatic;
				DEVELOPMENT_TEAM = EN646ZUBQA;
				INFOPLIST_FILE = "BRIDGE-Rider/Info.plist";
				IPHONEOS_DEPLOYMENT_TARGET = 11.0;
				LD_RUNPATH_SEARCH_PATHS = (
					"$(inherited)",
					"@executable_path/Frameworks",
				);
				PRODUCT_BUNDLE_IDENTIFIER = "com.bk1031.BRIDGE-Rider";
				PRODUCT_NAME = "$(TARGET_NAME)";
				SWIFT_VERSION = 4.0;
				TARGETED_DEVICE_FAMILY = 1;
			};
			name = Release;
		};
/* End XCBuildConfiguration section */

/* Begin XCConfigurationList section */
		4FC5988020E2CEC60042899B /* Build configuration list for PBXProject "BRIDGE-Rider" */ = {
			isa = XCConfigurationList;
			buildConfigurations = (
				4FC5989820E2CEC80042899B /* Debug */,
				4FC5989920E2CEC80042899B /* Release */,
			);
			defaultConfigurationIsVisible = 0;
			defaultConfigurationName = Release;
		};
		4FC5989A20E2CEC80042899B /* Build configuration list for PBXNativeTarget "BRIDGE-Rider" */ = {
			isa = XCConfigurationList;
			buildConfigurations = (
				4FC5989B20E2CEC80042899B /* Debug */,
				4FC5989C20E2CEC80042899B /* Release */,
			);
			defaultConfigurationIsVisible = 0;
			defaultConfigurationName = Release;
		};
/* End XCConfigurationList section */

/* Begin XCVersionGroup section */
		4FC5988F20E2CEC60042899B /* BRIDGE_Rider.xcdatamodeld */ = {
			isa = XCVersionGroup;
			children = (
				4FC5989020E2CEC60042899B /* BRIDGE_Rider.xcdatamodel */,
			);
			currentVersion = 4FC5989020E2CEC60042899B /* BRIDGE_Rider.xcdatamodel */;
			path = BRIDGE_Rider.xcdatamodeld;
			sourceTree = "<group>";
			versionGroupType = wrapper.xcdatamodel;
		};
/* End XCVersionGroup section */
	};
	rootObject = 4FC5987D20E2CEC60042899B /* Project object */;
}
