// !$*UTF8*$!
{
	archiveVersion = 1;
	classes = {
	};
	objectVersion = 50;
	objects = {

/* Begin PBXBuildFile section */
		4FC5988920E2CEC60042899B /* AppDelegate.swift in Sources */ = {isa = PBXBuildFile; fileRef = 4FC5988820E2CEC60042899B /* AppDelegate.swift */; };
		4FC5988B20E2CEC60042899B /* ViewController.swift in Sources */ = {isa = PBXBuildFile; fileRef = 4FC5988A20E2CEC60042899B /* ViewController.swift */; };
		4FC5988E20E2CEC60042899B /* Main.storyboard in Resources */ = {isa = PBXBuildFile; fileRef = 4FC5988C20E2CEC60042899B /* Main.storyboard */; };
		4FC5989120E2CEC60042899B /* BRIDGE_Rider.xcdatamodeld in Sources */ = {isa = PBXBuildFile; fileRef = 4FC5988F20E2CEC60042899B /* BRIDGE_Rider.xcdatamodeld */; };
		4FC5989320E2CEC80042899B /* Assets.xcassets in Resources */ = {isa = PBXBuildFile; fileRef = 4FC5989220E2CEC80042899B /* Assets.xcassets */; };
		4FC5989620E2CEC80042899B /* LaunchScreen.storyboard in Resources */ = {isa = PBXBuildFile; fileRef = 4FC5989420E2CEC80042899B /* LaunchScreen.storyboard */; };
/* End PBXBuildFile section */

/* Begin PBXFileReference section */
		4FC5988520E2CEC60042899B /* BRIDGE-Rider.app */ = {isa = PBXFileReference; explicitFileType = wrapper.application; includeInIndex = 0; path = "BRIDGE-Rider.app"; sourceTree = BUILT_PRODUCTS_DIR; };
		4FC5988820E2CEC60042899B /* AppDelegate.swift */ = {isa = PBXFileReference; lastKnownFileType = sourcecode.swift; path = AppDelegate.swift; sourceTree = "<group>"; };
		4FC5988A20E2CEC60042899B /* ViewController.swift */ = {isa = PBXFileReference; lastKnownFileType = sourcecode.swift; path = ViewController.swift; sourceTree = "<group>"; };
		4FC5988D20E2CEC60042899B /* Base */ = {isa = PBXFileReference; lastKnownFileType = file.storyboard; name = Base; path = Base.lproj/Main.storyboard; sourceTree = "<group>"; };
		4FC5989020E2CEC60042899B /* BRIDGE_Rider.xcdatamodel */ = {isa = PBXFileReference; lastKnownFileType = wrapper.xcdatamodel; path = BRIDGE_Rider.xcdatamodel; sourceTree = "<group>"; };
		4FC5989220E2CEC80042899B /* Assets.xcassets */ = {isa = PBXFileReference; lastKnownFileType = folder.assetcatalog; path = Assets.xcassets; sourceTree = "<group>"; };
		4FC5989520E2CEC80042899B /* Base */ = {isa = PBXFileReference; lastKnownFileType = file.storyboard; name = Base; path = Base.lproj/LaunchScreen.storyboard; sourceTree = "<group>"; };
		4FC5989720E2CEC80042899B /* Info.plist */ = {isa = PBXFileReference; lastKnownFileType = text.plist.xml; path = Info.plist; sourceTree = "<group>"; };
/* End PBXFileReference section */

/* Begin PBXFrameworksBuildPhase section */
		4FC5988220E2CEC60042899B /* Frameworks */ = {
			isa = PBXFrameworksBuildPhase;
			buildActionMask = 2147483647;
			files = (
			);
			runOnlyForDeploymentPostprocessing = 0;
		};
/* End PBXFrameworksBuildPhase section */

/* Begin PBXGroup section */
		4FC5987C20E2CEC60042899B = {
			isa = PBXGroup;
			children = (
				4FC5988720E2CEC60042899B /* BRIDGE-Rider */,
				4FC5988620E2CEC60042899B /* Products */,
			);
			sourceTree = "<group>";
		};
		4FC5988620E2CEC60042899B /* Products */ = {
			isa = PBXGroup;
			children = (
				4FC5988520E2CEC60042899B /* BRIDGE-Rider.app */,
			);
			name = Products;
			sourceTree = "<group>";
		};
		4FC5988720E2CEC60042899B /* BRIDGE-Rider */ = {
			isa = PBXGroup;
			children = (
				4FC5988820E2CEC60042899B /* AppDelegate.swift */,
				4FC5988A20E2CEC60042899B /* ViewController.swift */,
				4FC5988C20E2CEC60042899B /* Main.storyboard */,
				4FC5989220E2CEC80042899B /* Assets.xcassets */,
				4FC5989420E2CEC80042899B /* LaunchScreen.storyboard */,
				4FC5989720E2CEC80042899B /* Info.plist */,
				4FC5988F20E2CEC60042899B /* BRIDGE_Rider.xcdatamodeld */,
			);
			path = "BRIDGE-Rider";
			sourceTree = "<group>";
		};
/* End PBXGroup section */

/* Begin PBXNativeTarget section */
		4FC5988420E2CEC60042899B /* BRIDGE-Rider */ = {
			isa = PBXNativeTarget;
			buildConfigurationList = 4FC5989A20E2CEC80042899B /* Build configuration list for PBXNativeTarget "BRIDGE-Rider" */;
			buildPhases = (
				4FC5988120E2CEC60042899B /* Sources */,
				4FC5988220E2CEC60042899B /* Frameworks */,
				4FC5988320E2CEC60042899B /* Resources */,
			);
			buildRules = (
			);
			dependencies = (
			);
			name = "BRIDGE-Rider";
			productName = "BRIDGE-Rider";
			productReference = 4FC5988520E2CEC60042899B /* BRIDGE-Rider.app */;
			productType = "com.apple.product-type.application";
		};
/* End PBXNativeTarget section */

/* Begin PBXProject section */
		4FC5987D20E2CEC60042899B /* Project object */ = {
			isa = PBXProject;
			attributes = {
				LastSwiftUpdateCheck = 0940;
				LastUpgradeCheck = 0940;
				ORGANIZATIONNAME = "Bharat Kathi";
				TargetAttributes = {
					4FC5988420E2CEC60042899B = {
						CreatedOnToolsVersion = 9.4.1;
					};
				};
			};
			buildConfigurationList = 4FC5988020E2CEC60042899B /* Build configuration list for PBXProject "BRIDGE-Rider" */;
			compatibilityVersion = "Xcode 9.3";
			developmentRegion = en;
			hasScannedForEncodings = 0;
			knownRegions = (
				en,
				Base,
			);
			mainGroup = 4FC5987C20E2CEC60042899B;
			productRefGroup = 4FC5988620E2CEC60042899B /* Products */;
			projectDirPath = "";
			projectRoot = "";
			targets = (
				4FC5988420E2CEC60042899B /* BRIDGE-Rider */,
			);
		};
/* End PBXProject section */

/* Begin PBXResourcesBuildPhase section */
		4FC5988320E2CEC60042899B /* Resources */ = {
			isa = PBXResourcesBuildPhase;
			buildActionMask = 2147483647;
			files = (
				4FC5989620E2CEC80042899B /* LaunchScreen.storyboard in Resources */,
				4FC5989320E2CEC80042899B /* Assets.xcassets in Resources */,
				4FC5988E20E2CEC60042899B /* Main.storyboard in Resources */,
			);
			runOnlyForDeploymentPostprocessing = 0;
		};
/* End PBXResourcesBuildPhase section */

/* Begin PBXSourcesBuildPhase section */
		4FC5988120E2CEC60042899B /* Sources */ = {
			isa = PBXSourcesBuildPhase;
			buildActionMask = 2147483647;
			files = (
				4FC5989120E2CEC60042899B /* BRIDGE_Rider.xcdatamodeld in Sources */,
				4FC5988B20E2CEC60042899B /* ViewController.swift in Sources */,
				4FC5988920E2CEC60042899B /* AppDelegate.swift in Sources */,
			);
			runOnlyForDeploymentPostprocessing = 0;
		};
/* End PBXSourcesBuildPhase section */

/* Begin PBXVariantGroup section */
		4FC5988C20E2CEC60042899B /* Main.storyboard */ = {
			isa = PBXVariantGroup;
			children = (
				4FC5988D20E2CEC60042899B /* Base */,
			);
			name = Main.storyboard;
			sourceTree = "<group>";
		};
		4FC5989420E2CEC80042899B /* LaunchScreen.storyboard */ = {
			isa = PBXVariantGroup;
			children = (
				4FC5989520E2CEC80042899B /* Base */,
			);
			name = LaunchScreen.storyboard;
			sourceTree = "<group>";
		};
/* End PBXVariantGroup section */

/* Begin XCBuildConfiguration section */
		4FC5989820E2CEC80042899B /* Debug */ = {
			isa = XCBuildConfiguration;
			buildSettings = {
				ALWAYS_SEARCH_USER_PATHS = NO;
				CLANG_ANALYZER_NONNULL = YES;
				CLANG_ANALYZER_NUMBER_OBJECT_CONVERSION = YES_AGGRESSIVE;
				CLANG_CXX_LANGUAGE_STANDARD = "gnu++14";
				CLANG_CXX_LIBRARY = "libc++";
				CLANG_ENABLE_MODULES = YES;
				CLANG_ENABLE_OBJC_ARC = YES;
				CLANG_ENABLE_OBJC_WEAK = YES;
				CLANG_WARN_BLOCK_CAPTURE_AUTORELEASING = YES;
				CLANG_WARN_BOOL_CONVERSION = YES;
				CLANG_WARN_COMMA = YES;
				CLANG_WARN_CONSTANT_CONVERSION = YES;
				CLANG_WARN_DEPRECATED_OBJC_IMPLEMENTATIONS = YES;
				CLANG_WARN_DIRECT_OBJC_ISA_USAGE = YES_ERROR;
				CLANG_WARN_DOCUMENTATION_COMMENTS = YES;
				CLANG_WARN_EMPTY_BODY = YES;
				CLANG_WARN_ENUM_CONVERSION = YES;
				CLANG_WARN_INFINITE_RECURSION = YES;
				CLANG_WARN_INT_CONVERSION = YES;
				CLANG_WARN_NON_LITERAL_NULL_CONVERSION = YES;
				CLANG_WARN_OBJC_IMPLICIT_RETAIN_SELF = YES;
				CLANG_WARN_OBJC_LITERAL_CONVERSION = YES;
				CLANG_WARN_OBJC_ROOT_CLASS = YES_ERROR;
				CLANG_WARN_RANGE_LOOP_ANALYSIS = YES;
				CLANG_WARN_STRICT_PROTOTYPES = YES;
				CLANG_WARN_SUSPICIOUS_MOVE = YES;
				CLANG_WARN_UNGUARDED_AVAILABILITY = YES_AGGRESSIVE;
				CLANG_WARN_UNREACHABLE_CODE = YES;
				CLANG_WARN__DUPLICATE_METHOD_MATCH = YES;
				CODE_SIGN_IDENTITY = "iPhone Developer";
				COPY_PHASE_STRIP = NO;
				DEBUG_INFORMATION_FORMAT = dwarf;
				ENABLE_STRICT_OBJC_MSGSEND = YES;
				ENABLE_TESTABILITY = YES;
				GCC_C_LANGUAGE_STANDARD = gnu11;
				GCC_DYNAMIC_NO_PIC = NO;
				GCC_NO_COMMON_BLOCKS = YES;
				GCC_OPTIMIZATION_LEVEL = 0;
				GCC_PREPROCESSOR_DEFINITIONS = (
					"DEBUG=1",
					"$(inherited)",
				);
				GCC_WARN_64_TO_32_BIT_CONVERSION = YES;
				GCC_WARN_ABOUT_RETURN_TYPE = YES_ERROR;
				GCC_WARN_UNDECLARED_SELECTOR = YES;
				GCC_WARN_UNINITIALIZED_AUTOS = YES_AGGRESSIVE;
				GCC_WARN_UNUSED_FUNCTION = YES;
				GCC_WARN_UNUSED_VARIABLE = YES;
				IPHONEOS_DEPLOYMENT_TARGET = 11.4;
				MTL_ENABLE_DEBUG_INFO = YES;
				ONLY_ACTIVE_ARCH = YES;
				SDKROOT = iphoneos;
				SWIFT_ACTIVE_COMPILATION_CONDITIONS = DEBUG;
				SWIFT_OPTIMIZATION_LEVEL = "-Onone";
			};
			name = Debug;
		};
		4FC5989920E2CEC80042899B /* Release */ = {
			isa = XCBuildConfiguration;
			buildSettings = {
				ALWAYS_SEARCH_USER_PATHS = NO;
				CLANG_ANALYZER_NONNULL = YES;
				CLANG_ANALYZER_NUMBER_OBJECT_CONVERSION = YES_AGGRESSIVE;
				CLANG_CXX_LANGUAGE_STANDARD = "gnu++14";
				CLANG_CXX_LIBRARY = "libc++";
				CLANG_ENABLE_MODULES = YES;
				CLANG_ENABLE_OBJC_ARC = YES;
				CLANG_ENABLE_OBJC_WEAK = YES;
				CLANG_WARN_BLOCK_CAPTURE_AUTORELEASING = YES;
				CLANG_WARN_BOOL_CONVERSION = YES;
				CLANG_WARN_COMMA = YES;
				CLANG_WARN_CONSTANT_CONVERSION = YES;
				CLANG_WARN_DEPRECATED_OBJC_IMPLEMENTATIONS = YES;
				CLANG_WARN_DIRECT_OBJC_ISA_USAGE = YES_ERROR;
				CLANG_WARN_DOCUMENTATION_COMMENTS = YES;
				CLANG_WARN_EMPTY_BODY = YES;
				CLANG_WARN_ENUM_CONVERSION = YES;
				CLANG_WARN_INFINITE_RECURSION = YES;
				CLANG_WARN_INT_CONVERSION = YES;
				CLANG_WARN_NON_LITERAL_NULL_CONVERSION = YES;
				CLANG_WARN_OBJC_IMPLICIT_RETAIN_SELF = YES;
				CLANG_WARN_OBJC_LITERAL_CONVERSION = YES;
				CLANG_WARN_OBJC_ROOT_CLASS = YES_ERROR;
				CLANG_WARN_RANGE_LOOP_ANALYSIS = YES;
				CLANG_WARN_STRICT_PROTOTYPES = YES;
				CLANG_WARN_SUSPICIOUS_MOVE = YES;
				CLANG_WARN_UNGUARDED_AVAILABILITY = YES_AGGRESSIVE;
				CLANG_WARN_UNREACHABLE_CODE = YES;
				CLANG_WARN__DUPLICATE_METHOD_MATCH = YES;
				CODE_SIGN_IDENTITY = "iPhone Developer";
				COPY_PHASE_STRIP = NO;
				DEBUG_INFORMATION_FORMAT = "dwarf-with-dsym";
				ENABLE_NS_ASSERTIONS = NO;
				ENABLE_STRICT_OBJC_MSGSEND = YES;
				GCC_C_LANGUAGE_STANDARD = gnu11;
				GCC_NO_COMMON_BLOCKS = YES;
				GCC_WARN_64_TO_32_BIT_CONVERSION = YES;
				GCC_WARN_ABOUT_RETURN_TYPE = YES_ERROR;
				GCC_WARN_UNDECLARED_SELECTOR = YES;
				GCC_WARN_UNINITIALIZED_AUTOS = YES_AGGRESSIVE;
				GCC_WARN_UNUSED_FUNCTION = YES;
				GCC_WARN_UNUSED_VARIABLE = YES;
				IPHONEOS_DEPLOYMENT_TARGET = 11.4;
				MTL_ENABLE_DEBUG_INFO = NO;
				SDKROOT = iphoneos;
				SWIFT_COMPILATION_MODE = wholemodule;
				SWIFT_OPTIMIZATION_LEVEL = "-O";
				VALIDATE_PRODUCT = YES;
			};
			name = Release;
		};
		4FC5989B20E2CEC80042899B /* Debug */ = {
			isa = XCBuildConfiguration;
			buildSettings = {
				ASSETCATALOG_COMPILER_APPICON_NAME = AppIcon;
				CODE_SIGN_STYLE = Automatic;
				DEVELOPMENT_TEAM = EN646ZUBQA;
				INFOPLIST_FILE = "BRIDGE-Rider/Info.plist";
				LD_RUNPATH_SEARCH_PATHS = (
					"$(inherited)",
					"@executable_path/Frameworks",
				);
				PRODUCT_BUNDLE_IDENTIFIER = "com.bk1031.BRIDGE-Rider";
				PRODUCT_NAME = "$(TARGET_NAME)";
				SWIFT_VERSION = 4.0;
				TARGETED_DEVICE_FAMILY = "1,2";
			};
			name = Debug;
		};
		4FC5989C20E2CEC80042899B /* Release */ = {
			isa = XCBuildConfiguration;
			buildSettings = {
				ASSETCATALOG_COMPILER_APPICON_NAME = AppIcon;
				CODE_SIGN_STYLE = Automatic;
				DEVELOPMENT_TEAM = EN646ZUBQA;
				INFOPLIST_FILE = "BRIDGE-Rider/Info.plist";
				LD_RUNPATH_SEARCH_PATHS = (
					"$(inherited)",
					"@executable_path/Frameworks",
				);
				PRODUCT_BUNDLE_IDENTIFIER = "com.bk1031.BRIDGE-Rider";
				PRODUCT_NAME = "$(TARGET_NAME)";
				SWIFT_VERSION = 4.0;
				TARGETED_DEVICE_FAMILY = "1,2";
			};
			name = Release;
		};
/* End XCBuildConfiguration section */

/* Begin XCConfigurationList section */
		4FC5988020E2CEC60042899B /* Build configuration list for PBXProject "BRIDGE-Rider" */ = {
			isa = XCConfigurationList;
			buildConfigurations = (
				4FC5989820E2CEC80042899B /* Debug */,
				4FC5989920E2CEC80042899B /* Release */,
			);
			defaultConfigurationIsVisible = 0;
			defaultConfigurationName = Release;
		};
		4FC5989A20E2CEC80042899B /* Build configuration list for PBXNativeTarget "BRIDGE-Rider" */ = {
			isa = XCConfigurationList;
			buildConfigurations = (
				4FC5989B20E2CEC80042899B /* Debug */,
				4FC5989C20E2CEC80042899B /* Release */,
			);
			defaultConfigurationIsVisible = 0;
			defaultConfigurationName = Release;
		};
/* End XCConfigurationList section */

/* Begin XCVersionGroup section */
		4FC5988F20E2CEC60042899B /* BRIDGE_Rider.xcdatamodeld */ = {
			isa = XCVersionGroup;
			children = (
				4FC5989020E2CEC60042899B /* BRIDGE_Rider.xcdatamodel */,
			);
			currentVersion = 4FC5989020E2CEC60042899B /* BRIDGE_Rider.xcdatamodel */;
			path = BRIDGE_Rider.xcdatamodeld;
			sourceTree = "<group>";
			versionGroupType = wrapper.xcdatamodel;
		};
/* End XCVersionGroup section */
	};
	rootObject = 4FC5987D20E2CEC60042899B /* Project object */;
}
