// !$*UTF8*$!
{
	archiveVersion = 1;
	classes = {
	};
	objectVersion = 50;
	objects = {

/* Begin PBXBuildFile section */
		4F9399F520E3222100268AA6 /* CheckUserLoggedViewController.swift in Sources */ = {isa = PBXBuildFile; fileRef = 4F9399F220E3221F00268AA6 /* CheckUserLoggedViewController.swift */; };
		4F9399F620E3222100268AA6 /* ConnectionCheckerViewController.swift in Sources */ = {isa = PBXBuildFile; fileRef = 4F9399F320E3222000268AA6 /* ConnectionCheckerViewController.swift */; };
		4F9399F720E3222100268AA6 /* ConnectionErrorViewController.swift in Sources */ = {isa = PBXBuildFile; fileRef = 4F9399F420E3222100268AA6 /* ConnectionErrorViewController.swift */; };
		4F9399F920E3238300268AA6 /* Initialization.swift in Sources */ = {isa = PBXBuildFile; fileRef = 4F9399F820E3238300268AA6 /* Initialization.swift */; };
		4F9399FC20E3282B00268AA6 /* WelcomeViewController.swift in Sources */ = {isa = PBXBuildFile; fileRef = 4F9399FB20E3282B00268AA6 /* WelcomeViewController.swift */; };
		4FC5988920E2CEC60042899B /* AppDelegate.swift in Sources */ = {isa = PBXBuildFile; fileRef = 4FC5988820E2CEC60042899B /* AppDelegate.swift */; };
		4FC5988B20E2CEC60042899B /* ViewController.swift in Sources */ = {isa = PBXBuildFile; fileRef = 4FC5988A20E2CEC60042899B /* ViewController.swift */; };
		4FC5988E20E2CEC60042899B /* Main.storyboard in Resources */ = {isa = PBXBuildFile; fileRef = 4FC5988C20E2CEC60042899B /* Main.storyboard */; };
		4FC5989120E2CEC60042899B /* BRIDGE_Rider.xcdatamodeld in Sources */ = {isa = PBXBuildFile; fileRef = 4FC5988F20E2CEC60042899B /* BRIDGE_Rider.xcdatamodeld */; };
		4FC5989320E2CEC80042899B /* Assets.xcassets in Resources */ = {isa = PBXBuildFile; fileRef = 4FC5989220E2CEC80042899B /* Assets.xcassets */; };
		4FC5989620E2CEC80042899B /* LaunchScreen.storyboard in Resources */ = {isa = PBXBuildFile; fileRef = 4FC5989420E2CEC80042899B /* LaunchScreen.storyboard */; };
		4FD1F22520E2D3700011808D /* GoogleService-Info.plist in Resources */ = {isa = PBXBuildFile; fileRef = 4FD1F22420E2D3700011808D /* GoogleService-Info.plist */; };
		84EE5065E7732310C155EC0A /* Pods_BRIDGE_Rider.framework in Frameworks */ = {isa = PBXBuildFile; fileRef = C6ECB225865E0AB04BF1BC25 /* Pods_BRIDGE_Rider.framework */; };
/* End PBXBuildFile section */

/* Begin PBXFileReference section */
		0845BD4CAC28B848F299EF24 /* Pods-BRIDGE-Rider.debug.xcconfig */ = {isa = PBXFileReference; includeInIndex = 1; lastKnownFileType = text.xcconfig; name = "Pods-BRIDGE-Rider.debug.xcconfig"; path = "Pods/Target Support Files/Pods-BRIDGE-Rider/Pods-BRIDGE-Rider.debug.xcconfig"; sourceTree = "<group>"; };
		4F9399F220E3221F00268AA6 /* CheckUserLoggedViewController.swift */ = {isa = PBXFileReference; fileEncoding = 4; lastKnownFileType = sourcecode.swift; path = CheckUserLoggedViewController.swift; sourceTree = "<group>"; };
		4F9399F320E3222000268AA6 /* ConnectionCheckerViewController.swift */ = {isa = PBXFileReference; fileEncoding = 4; lastKnownFileType = sourcecode.swift; path = ConnectionCheckerViewController.swift; sourceTree = "<group>"; };
		4F9399F420E3222100268AA6 /* ConnectionErrorViewController.swift */ = {isa = PBXFileReference; fileEncoding = 4; lastKnownFileType = sourcecode.swift; path = ConnectionErrorViewController.swift; sourceTree = "<group>"; };
		4F9399F820E3238300268AA6 /* Initialization.swift */ = {isa = PBXFileReference; fileEncoding = 4; lastKnownFileType = sourcecode.swift; path = Initialization.swift; sourceTree = "<group>"; };
		4F9399FB20E3282B00268AA6 /* WelcomeViewController.swift */ = {isa = PBXFileReference; lastKnownFileType = sourcecode.swift; path = WelcomeViewController.swift; sourceTree = "<group>"; };
		4FC5988520E2CEC60042899B /* BRIDGE-Rider.app */ = {isa = PBXFileReference; explicitFileType = wrapper.application; includeInIndex = 0; path = "BRIDGE-Rider.app"; sourceTree = BUILT_PRODUCTS_DIR; };
		4FC5988820E2CEC60042899B /* AppDelegate.swift */ = {isa = PBXFileReference; lastKnownFileType = sourcecode.swift; path = AppDelegate.swift; sourceTree = "<group>"; };
		4FC5988A20E2CEC60042899B /* ViewController.swift */ = {isa = PBXFileReference; lastKnownFileType = sourcecode.swift; path = ViewController.swift; sourceTree = "<group>"; };
		4FC5988D20E2CEC60042899B /* Base */ = {isa = PBXFileReference; lastKnownFileType = file.storyboard; name = Base; path = Base.lproj/Main.storyboard; sourceTree = "<group>"; };
		4FC5989020E2CEC60042899B /* BRIDGE_Rider.xcdatamodel */ = {isa = PBXFileReference; lastKnownFileType = wrapper.xcdatamodel; path = BRIDGE_Rider.xcdatamodel; sourceTree = "<group>"; };
		4FC5989220E2CEC80042899B /* Assets.xcassets */ = {isa = PBXFileReference; lastKnownFileType = folder.assetcatalog; path = Assets.xcassets; sourceTree = "<group>"; };
		4FC5989520E2CEC80042899B /* Base */ = {isa = PBXFileReference; lastKnownFileType = file.storyboard; name = Base; path = Base.lproj/LaunchScreen.storyboard; sourceTree = "<group>"; };
		4FC5989720E2CEC80042899B /* Info.plist */ = {isa = PBXFileReference; lastKnownFileType = text.plist.xml; path = Info.plist; sourceTree = "<group>"; };
		4FD1F22420E2D3700011808D /* GoogleService-Info.plist */ = {isa = PBXFileReference; fileEncoding = 4; lastKnownFileType = text.plist.xml; path = "GoogleService-Info.plist"; sourceTree = "<group>"; };
		AD63462D0C6786F7DB130B70 /* Pods-BRIDGE-Rider.release.xcconfig */ = {isa = PBXFileReference; includeInIndex = 1; lastKnownFileType = text.xcconfig; name = "Pods-BRIDGE-Rider.release.xcconfig"; path = "Pods/Target Support Files/Pods-BRIDGE-Rider/Pods-BRIDGE-Rider.release.xcconfig"; sourceTree = "<group>"; };
		C6ECB225865E0AB04BF1BC25 /* Pods_BRIDGE_Rider.framework */ = {isa = PBXFileReference; explicitFileType = wrapper.framework; includeInIndex = 0; path = Pods_BRIDGE_Rider.framework; sourceTree = BUILT_PRODUCTS_DIR; };
/* End PBXFileReference section */

/* Begin PBXFrameworksBuildPhase section */
		4FC5988220E2CEC60042899B /* Frameworks */ = {
			isa = PBXFrameworksBuildPhase;
			buildActionMask = 2147483647;
			files = (
				84EE5065E7732310C155EC0A /* Pods_BRIDGE_Rider.framework in Frameworks */,
			);
			runOnlyForDeploymentPostprocessing = 0;
		};
/* End PBXFrameworksBuildPhase section */

/* Begin PBXGroup section */
		34ADB6464F23FAD487A8AEF1 /* Pods */ = {
			isa = PBXGroup;
			children = (
				0845BD4CAC28B848F299EF24 /* Pods-BRIDGE-Rider.debug.xcconfig */,
				AD63462D0C6786F7DB130B70 /* Pods-BRIDGE-Rider.release.xcconfig */,
			);
			name = Pods;
			sourceTree = "<group>";
		};
		4F9399FA20E3272600268AA6 /* Startup */ = {
			isa = PBXGroup;
			children = (
				4F9399F320E3222000268AA6 /* ConnectionCheckerViewController.swift */,
				4F9399F420E3222100268AA6 /* ConnectionErrorViewController.swift */,
				4F9399F220E3221F00268AA6 /* CheckUserLoggedViewController.swift */,
			);
			path = Startup;
			sourceTree = "<group>";
		};
		4FC5987C20E2CEC60042899B = {
			isa = PBXGroup;
			children = (
				4FC5988720E2CEC60042899B /* BRIDGE-Rider */,
				4FC5988620E2CEC60042899B /* Products */,
				34ADB6464F23FAD487A8AEF1 /* Pods */,
				C6B6BA39D56018AFE10FC9A9 /* Frameworks */,
			);
			sourceTree = "<group>";
		};
		4FC5988620E2CEC60042899B /* Products */ = {
			isa = PBXGroup;
			children = (
				4FC5988520E2CEC60042899B /* BRIDGE-Rider.app */,
			);
			name = Products;
			sourceTree = "<group>";
		};
		4FC5988720E2CEC60042899B /* BRIDGE-Rider */ = {
			isa = PBXGroup;
			children = (
				4F9399F820E3238300268AA6 /* Initialization.swift */,
				4FC5988820E2CEC60042899B /* AppDelegate.swift */,
				4F9399FA20E3272600268AA6 /* Startup */,
				4F9399FB20E3282B00268AA6 /* WelcomeViewController.swift */,
				4FC5988A20E2CEC60042899B /* ViewController.swift */,
				4FC5988C20E2CEC60042899B /* Main.storyboard */,
				4FC5989220E2CEC80042899B /* Assets.xcassets */,
				4FC5989420E2CEC80042899B /* LaunchScreen.storyboard */,
				4FC5989720E2CEC80042899B /* Info.plist */,
				4FD1F22420E2D3700011808D /* GoogleService-Info.plist */,
				4FC5988F20E2CEC60042899B /* BRIDGE_Rider.xcdatamodeld */,
			);
			path = "BRIDGE-Rider";
			sourceTree = "<group>";
		};
		C6B6BA39D56018AFE10FC9A9 /* Frameworks */ = {
			isa = PBXGroup;
			children = (
				C6ECB225865E0AB04BF1BC25 /* Pods_BRIDGE_Rider.framework */,
			);
			name = Frameworks;
			sourceTree = "<group>";
		};
/* End PBXGroup section */

/* Begin PBXNativeTarget section */
		4FC5988420E2CEC60042899B /* BRIDGE-Rider */ = {
			isa = PBXNativeTarget;
			buildConfigurationList = 4FC5989A20E2CEC80042899B /* Build configuration list for PBXNativeTarget "BRIDGE-Rider" */;
			buildPhases = (
				CF5EA0B8298ECC2DA631C679 /* [CP] Check Pods Manifest.lock */,
				4FC5988120E2CEC60042899B /* Sources */,
				4FC5988220E2CEC60042899B /* Frameworks */,
				4FC5988320E2CEC60042899B /* Resources */,
				A9E86DADA1565EC53717FEB3 /* [CP] Embed Pods Frameworks */,
			);
			buildRules = (
			);
			dependencies = (
			);
			name = "BRIDGE-Rider";
			productName = "BRIDGE-Rider";
			productReference = 4FC5988520E2CEC60042899B /* BRIDGE-Rider.app */;
			productType = "com.apple.product-type.application";
		};
/* End PBXNativeTarget section */

/* Begin PBXProject section */
		4FC5987D20E2CEC60042899B /* Project object */ = {
			isa = PBXProject;
			attributes = {
				LastSwiftUpdateCheck = 0940;
				LastUpgradeCheck = 0940;
				ORGANIZATIONNAME = "Bharat Kathi";
				TargetAttributes = {
					4FC5988420E2CEC60042899B = {
						CreatedOnToolsVersion = 9.4.1;
					};
				};
			};
			buildConfigurationList = 4FC5988020E2CEC60042899B /* Build configuration list for PBXProject "BRIDGE-Rider" */;
			compatibilityVersion = "Xcode 9.3";
			developmentRegion = en;
			hasScannedForEncodings = 0;
			knownRegions = (
				en,
				Base,
			);
			mainGroup = 4FC5987C20E2CEC60042899B;
			productRefGroup = 4FC5988620E2CEC60042899B /* Products */;
			projectDirPath = "";
			projectRoot = "";
			targets = (
				4FC5988420E2CEC60042899B /* BRIDGE-Rider */,
			);
		};
/* End PBXProject section */

/* Begin PBXResourcesBuildPhase section */
		4FC5988320E2CEC60042899B /* Resources */ = {
			isa = PBXResourcesBuildPhase;
			buildActionMask = 2147483647;
			files = (
				4FC5989620E2CEC80042899B /* LaunchScreen.storyboard in Resources */,
				4FD1F22520E2D3700011808D /* GoogleService-Info.plist in Resources */,
				4FC5989320E2CEC80042899B /* Assets.xcassets in Resources */,
				4FC5988E20E2CEC60042899B /* Main.storyboard in Resources */,
			);
			runOnlyForDeploymentPostprocessing = 0;
		};
/* End PBXResourcesBuildPhase section */

/* Begin PBXShellScriptBuildPhase section */
		A9E86DADA1565EC53717FEB3 /* [CP] Embed Pods Frameworks */ = {
			isa = PBXShellScriptBuildPhase;
			buildActionMask = 2147483647;
			files = (
			);
			inputPaths = (
				"${SRCROOT}/Pods/Target Support Files/Pods-BRIDGE-Rider/Pods-BRIDGE-Rider-frameworks.sh",
				"${BUILT_PRODUCTS_DIR}/GTMSessionFetcher/GTMSessionFetcher.framework",
				"${BUILT_PRODUCTS_DIR}/GoogleToolboxForMac/GoogleToolboxForMac.framework",
				"${BUILT_PRODUCTS_DIR}/PhoneNumberKit/PhoneNumberKit.framework",
				"${BUILT_PRODUCTS_DIR}/leveldb-library/leveldb.framework",
				"${BUILT_PRODUCTS_DIR}/nanopb/nanopb.framework",
			);
			name = "[CP] Embed Pods Frameworks";
			outputPaths = (
				"${TARGET_BUILD_DIR}/${FRAMEWORKS_FOLDER_PATH}/GTMSessionFetcher.framework",
				"${TARGET_BUILD_DIR}/${FRAMEWORKS_FOLDER_PATH}/GoogleToolboxForMac.framework",
				"${TARGET_BUILD_DIR}/${FRAMEWORKS_FOLDER_PATH}/PhoneNumberKit.framework",
				"${TARGET_BUILD_DIR}/${FRAMEWORKS_FOLDER_PATH}/leveldb.framework",
				"${TARGET_BUILD_DIR}/${FRAMEWORKS_FOLDER_PATH}/nanopb.framework",
			);
			runOnlyForDeploymentPostprocessing = 0;
			shellPath = /bin/sh;
			shellScript = "\"${SRCROOT}/Pods/Target Support Files/Pods-BRIDGE-Rider/Pods-BRIDGE-Rider-frameworks.sh\"\n";
			showEnvVarsInLog = 0;
		};
		CF5EA0B8298ECC2DA631C679 /* [CP] Check Pods Manifest.lock */ = {
			isa = PBXShellScriptBuildPhase;
			buildActionMask = 2147483647;
			files = (
			);
			inputPaths = (
				"${PODS_PODFILE_DIR_PATH}/Podfile.lock",
				"${PODS_ROOT}/Manifest.lock",
			);
			name = "[CP] Check Pods Manifest.lock";
			outputPaths = (
				"$(DERIVED_FILE_DIR)/Pods-BRIDGE-Rider-checkManifestLockResult.txt",
			);
			runOnlyForDeploymentPostprocessing = 0;
			shellPath = /bin/sh;
			shellScript = "diff \"${PODS_PODFILE_DIR_PATH}/Podfile.lock\" \"${PODS_ROOT}/Manifest.lock\" > /dev/null\nif [ $? != 0 ] ; then\n    # print error to STDERR\n    echo \"error: The sandbox is not in sync with the Podfile.lock. Run 'pod install' or update your CocoaPods installation.\" >&2\n    exit 1\nfi\n# This output is used by Xcode 'outputs' to avoid re-running this script phase.\necho \"SUCCESS\" > \"${SCRIPT_OUTPUT_FILE_0}\"\n";
			showEnvVarsInLog = 0;
		};
/* End PBXShellScriptBuildPhase section */

/* Begin PBXSourcesBuildPhase section */
		4FC5988120E2CEC60042899B /* Sources */ = {
			isa = PBXSourcesBuildPhase;
			buildActionMask = 2147483647;
			files = (
				4F9399F520E3222100268AA6 /* CheckUserLoggedViewController.swift in Sources */,
				4F9399FC20E3282B00268AA6 /* WelcomeViewController.swift in Sources */,
				4F9399F720E3222100268AA6 /* ConnectionErrorViewController.swift in Sources */,
				4FC5989120E2CEC60042899B /* BRIDGE_Rider.xcdatamodeld in Sources */,
				4F9399F620E3222100268AA6 /* ConnectionCheckerViewController.swift in Sources */,
				4FC5988B20E2CEC60042899B /* ViewController.swift in Sources */,
				4F9399F920E3238300268AA6 /* Initialization.swift in Sources */,
				4FC5988920E2CEC60042899B /* AppDelegate.swift in Sources */,
			);
			runOnlyForDeploymentPostprocessing = 0;
		};
/* End PBXSourcesBuildPhase section */

/* Begin PBXVariantGroup section */
		4FC5988C20E2CEC60042899B /* Main.storyboard */ = {
			isa = PBXVariantGroup;
			children = (
				4FC5988D20E2CEC60042899B /* Base */,
			);
			name = Main.storyboard;
			sourceTree = "<group>";
		};
		4FC5989420E2CEC80042899B /* LaunchScreen.storyboard */ = {
			isa = PBXVariantGroup;
			children = (
				4FC5989520E2CEC80042899B /* Base */,
			);
			name = LaunchScreen.storyboard;
			sourceTree = "<group>";
		};
/* End PBXVariantGroup section */

/* Begin XCBuildConfiguration section */
		4FC5989820E2CEC80042899B /* Debug */ = {
			isa = XCBuildConfiguration;
			buildSettings = {
				ALWAYS_SEARCH_USER_PATHS = NO;
				CLANG_ANALYZER_NONNULL = YES;
				CLANG_ANALYZER_NUMBER_OBJECT_CONVERSION = YES_AGGRESSIVE;
				CLANG_CXX_LANGUAGE_STANDARD = "gnu++14";
				CLANG_CXX_LIBRARY = "libc++";
				CLANG_ENABLE_MODULES = YES;
				CLANG_ENABLE_OBJC_ARC = YES;
				CLANG_ENABLE_OBJC_WEAK = YES;
				CLANG_WARN_BLOCK_CAPTURE_AUTORELEASING = YES;
				CLANG_WARN_BOOL_CONVERSION = YES;
				CLANG_WARN_COMMA = YES;
				CLANG_WARN_CONSTANT_CONVERSION = YES;
				CLANG_WARN_DEPRECATED_OBJC_IMPLEMENTATIONS = YES;
				CLANG_WARN_DIRECT_OBJC_ISA_USAGE = YES_ERROR;
				CLANG_WARN_DOCUMENTATION_COMMENTS = YES;
				CLANG_WARN_EMPTY_BODY = YES;
				CLANG_WARN_ENUM_CONVERSION = YES;
				CLANG_WARN_INFINITE_RECURSION = YES;
				CLANG_WARN_INT_CONVERSION = YES;
				CLANG_WARN_NON_LITERAL_NULL_CONVERSION = YES;
				CLANG_WARN_OBJC_IMPLICIT_RETAIN_SELF = YES;
				CLANG_WARN_OBJC_LITERAL_CONVERSION = YES;
				CLANG_WARN_OBJC_ROOT_CLASS = YES_ERROR;
				CLANG_WARN_RANGE_LOOP_ANALYSIS = YES;
				CLANG_WARN_STRICT_PROTOTYPES = YES;
				CLANG_WARN_SUSPICIOUS_MOVE = YES;
				CLANG_WARN_UNGUARDED_AVAILABILITY = YES_AGGRESSIVE;
				CLANG_WARN_UNREACHABLE_CODE = YES;
				CLANG_WARN__DUPLICATE_METHOD_MATCH = YES;
				CODE_SIGN_IDENTITY = "iPhone Developer";
				COPY_PHASE_STRIP = NO;
				DEBUG_INFORMATION_FORMAT = dwarf;
				ENABLE_STRICT_OBJC_MSGSEND = YES;
				ENABLE_TESTABILITY = YES;
				GCC_C_LANGUAGE_STANDARD = gnu11;
				GCC_DYNAMIC_NO_PIC = NO;
				GCC_NO_COMMON_BLOCKS = YES;
				GCC_OPTIMIZATION_LEVEL = 0;
				GCC_PREPROCESSOR_DEFINITIONS = (
					"DEBUG=1",
					"$(inherited)",
				);
				GCC_WARN_64_TO_32_BIT_CONVERSION = YES;
				GCC_WARN_ABOUT_RETURN_TYPE = YES_ERROR;
				GCC_WARN_UNDECLARED_SELECTOR = YES;
				GCC_WARN_UNINITIALIZED_AUTOS = YES_AGGRESSIVE;
				GCC_WARN_UNUSED_FUNCTION = YES;
				GCC_WARN_UNUSED_VARIABLE = YES;
				IPHONEOS_DEPLOYMENT_TARGET = 11.4;
				MTL_ENABLE_DEBUG_INFO = YES;
				ONLY_ACTIVE_ARCH = YES;
				SDKROOT = iphoneos;
				SWIFT_ACTIVE_COMPILATION_CONDITIONS = DEBUG;
				SWIFT_OPTIMIZATION_LEVEL = "-Onone";
			};
			name = Debug;
		};
		4FC5989920E2CEC80042899B /* Release */ = {
			isa = XCBuildConfiguration;
			buildSettings = {
				ALWAYS_SEARCH_USER_PATHS = NO;
				CLANG_ANALYZER_NONNULL = YES;
				CLANG_ANALYZER_NUMBER_OBJECT_CONVERSION = YES_AGGRESSIVE;
				CLANG_CXX_LANGUAGE_STANDARD = "gnu++14";
				CLANG_CXX_LIBRARY = "libc++";
				CLANG_ENABLE_MODULES = YES;
				CLANG_ENABLE_OBJC_ARC = YES;
				CLANG_ENABLE_OBJC_WEAK = YES;
				CLANG_WARN_BLOCK_CAPTURE_AUTORELEASING = YES;
				CLANG_WARN_BOOL_CONVERSION = YES;
				CLANG_WARN_COMMA = YES;
				CLANG_WARN_CONSTANT_CONVERSION = YES;
				CLANG_WARN_DEPRECATED_OBJC_IMPLEMENTATIONS = YES;
				CLANG_WARN_DIRECT_OBJC_ISA_USAGE = YES_ERROR;
				CLANG_WARN_DOCUMENTATION_COMMENTS = YES;
				CLANG_WARN_EMPTY_BODY = YES;
				CLANG_WARN_ENUM_CONVERSION = YES;
				CLANG_WARN_INFINITE_RECURSION = YES;
				CLANG_WARN_INT_CONVERSION = YES;
				CLANG_WARN_NON_LITERAL_NULL_CONVERSION = YES;
				CLANG_WARN_OBJC_IMPLICIT_RETAIN_SELF = YES;
				CLANG_WARN_OBJC_LITERAL_CONVERSION = YES;
				CLANG_WARN_OBJC_ROOT_CLASS = YES_ERROR;
				CLANG_WARN_RANGE_LOOP_ANALYSIS = YES;
				CLANG_WARN_STRICT_PROTOTYPES = YES;
				CLANG_WARN_SUSPICIOUS_MOVE = YES;
				CLANG_WARN_UNGUARDED_AVAILABILITY = YES_AGGRESSIVE;
				CLANG_WARN_UNREACHABLE_CODE = YES;
				CLANG_WARN__DUPLICATE_METHOD_MATCH = YES;
				CODE_SIGN_IDENTITY = "iPhone Developer";
				COPY_PHASE_STRIP = NO;
				DEBUG_INFORMATION_FORMAT = "dwarf-with-dsym";
				ENABLE_NS_ASSERTIONS = NO;
				ENABLE_STRICT_OBJC_MSGSEND = YES;
				GCC_C_LANGUAGE_STANDARD = gnu11;
				GCC_NO_COMMON_BLOCKS = YES;
				GCC_WARN_64_TO_32_BIT_CONVERSION = YES;
				GCC_WARN_ABOUT_RETURN_TYPE = YES_ERROR;
				GCC_WARN_UNDECLARED_SELECTOR = YES;
				GCC_WARN_UNINITIALIZED_AUTOS = YES_AGGRESSIVE;
				GCC_WARN_UNUSED_FUNCTION = YES;
				GCC_WARN_UNUSED_VARIABLE = YES;
				IPHONEOS_DEPLOYMENT_TARGET = 11.4;
				MTL_ENABLE_DEBUG_INFO = NO;
				SDKROOT = iphoneos;
				SWIFT_COMPILATION_MODE = wholemodule;
				SWIFT_OPTIMIZATION_LEVEL = "-O";
				VALIDATE_PRODUCT = YES;
			};
			name = Release;
		};
		4FC5989B20E2CEC80042899B /* Debug */ = {
			isa = XCBuildConfiguration;
			baseConfigurationReference = 0845BD4CAC28B848F299EF24 /* Pods-BRIDGE-Rider.debug.xcconfig */;
			buildSettings = {
				ASSETCATALOG_COMPILER_APPICON_NAME = AppIcon;
				CODE_SIGN_STYLE = Automatic;
				DEVELOPMENT_TEAM = EN646ZUBQA;
				INFOPLIST_FILE = "BRIDGE-Rider/Info.plist";
				IPHONEOS_DEPLOYMENT_TARGET = 11.0;
				LD_RUNPATH_SEARCH_PATHS = (
					"$(inherited)",
					"@executable_path/Frameworks",
				);
				PRODUCT_BUNDLE_IDENTIFIER = "com.bk1031.BRIDGE-Rider";
				PRODUCT_NAME = "$(TARGET_NAME)";
				SWIFT_VERSION = 4.0;
				TARGETED_DEVICE_FAMILY = "1,2";
			};
			name = Debug;
		};
		4FC5989C20E2CEC80042899B /* Release */ = {
			isa = XCBuildConfiguration;
			baseConfigurationReference = AD63462D0C6786F7DB130B70 /* Pods-BRIDGE-Rider.release.xcconfig */;
			buildSettings = {
				ASSETCATALOG_COMPILER_APPICON_NAME = AppIcon;
				CODE_SIGN_STYLE = Automatic;
				DEVELOPMENT_TEAM = EN646ZUBQA;
				INFOPLIST_FILE = "BRIDGE-Rider/Info.plist";
				IPHONEOS_DEPLOYMENT_TARGET = 11.0;
				LD_RUNPATH_SEARCH_PATHS = (
					"$(inherited)",
					"@executable_path/Frameworks",
				);
				PRODUCT_BUNDLE_IDENTIFIER = "com.bk1031.BRIDGE-Rider";
				PRODUCT_NAME = "$(TARGET_NAME)";
				SWIFT_VERSION = 4.0;
				TARGETED_DEVICE_FAMILY = "1,2";
			};
			name = Release;
		};
/* End XCBuildConfiguration section */

/* Begin XCConfigurationList section */
		4FC5988020E2CEC60042899B /* Build configuration list for PBXProject "BRIDGE-Rider" */ = {
			isa = XCConfigurationList;
			buildConfigurations = (
				4FC5989820E2CEC80042899B /* Debug */,
				4FC5989920E2CEC80042899B /* Release */,
			);
			defaultConfigurationIsVisible = 0;
			defaultConfigurationName = Release;
		};
		4FC5989A20E2CEC80042899B /* Build configuration list for PBXNativeTarget "BRIDGE-Rider" */ = {
			isa = XCConfigurationList;
			buildConfigurations = (
				4FC5989B20E2CEC80042899B /* Debug */,
				4FC5989C20E2CEC80042899B /* Release */,
			);
			defaultConfigurationIsVisible = 0;
			defaultConfigurationName = Release;
		};
/* End XCConfigurationList section */

/* Begin XCVersionGroup section */
		4FC5988F20E2CEC60042899B /* BRIDGE_Rider.xcdatamodeld */ = {
			isa = XCVersionGroup;
			children = (
				4FC5989020E2CEC60042899B /* BRIDGE_Rider.xcdatamodel */,
			);
			currentVersion = 4FC5989020E2CEC60042899B /* BRIDGE_Rider.xcdatamodel */;
			path = BRIDGE_Rider.xcdatamodeld;
			sourceTree = "<group>";
			versionGroupType = wrapper.xcdatamodel;
		};
/* End XCVersionGroup section */
	};
	rootObject = 4FC5987D20E2CEC60042899B /* Project object */;
}
